
Microsoft Visual Studio Solution File, Format Version 12.00
# Visual Studio Version 17
VisualStudioVersion = 17.11.35327.3
MinimumVisualStudioVersion = 10.0.40219.1
Project("{9A19103F-16F7-4668-BE54-9A1E7A4F7556}") = "StatsDownloadApi.Core", "Api\StatsDownloadApi.Core\StatsDownloadApi.Core.csproj", "{6252FD46-3B1B-460F-96CC-545AE7CC676F}"
EndProject
Project("{9A19103F-16F7-4668-BE54-9A1E7A4F7556}") = "StatsDownloadApi.Core.Tests", "Api\StatsDownloadApi.Core.Tests\StatsDownloadApi.Core.Tests.csproj", "{2FC30069-3821-4542-88CF-6D6D7BDB269A}"
EndProject
Project("{9A19103F-16F7-4668-BE54-9A1E7A4F7556}") = "StatsDownloadApi.WebApi", "Api\StatsDownloadApi.WebApi\StatsDownloadApi.WebApi.csproj", "{47E81FBC-80AD-4B8E-BFBA-CB13C333CDC9}"
EndProject
Project("{9A19103F-16F7-4668-BE54-9A1E7A4F7556}") = "StatsDownload.Extensions", "Shared\StatsDownload.Extensions\StatsDownload.Extensions.csproj", "{048A0FBC-58C4-4AA3-A6BF-565591DCB085}"
EndProject
Project("{9A19103F-16F7-4668-BE54-9A1E7A4F7556}") = "StatsDownload.Database", "Shared\StatsDownload.Database\StatsDownload.Database.csproj", "{38C3DB41-1BBE-4DB6-9B6A-70A9DD4035AB}"
EndProject
Project("{9A19103F-16F7-4668-BE54-9A1E7A4F7556}") = "StatsDownload.Wrappers", "Shared\StatsDownload.Wrappers\StatsDownload.Wrappers.csproj", "{545BE106-EDA6-4F8D-A868-7175C53F9065}"
EndProject
Project("{9A19103F-16F7-4668-BE54-9A1E7A4F7556}") = "StatsDownload.Database.Tests", "Shared\StatsDownload.Database.Tests\StatsDownload.Database.Tests.csproj", "{0D3DE2AA-0632-43EA-B6F9-393E53CC2531}"
EndProject
Project("{9A19103F-16F7-4668-BE54-9A1E7A4F7556}") = "StatsDownload.Core.Interfaces", "Shared\StatsDownload.Core.Interfaces\StatsDownload.Core.Interfaces.csproj", "{D3119AC5-B9A7-4C01-A038-748086106519}"
EndProject
Project("{9A19103F-16F7-4668-BE54-9A1E7A4F7556}") = "StatsDownload.Logging", "Shared\StatsDownload.Logging\StatsDownload.Logging.csproj", "{7BC613CA-1788-4958-A1FD-5D0D5DE27BB5}"
EndProject
Project("{9A19103F-16F7-4668-BE54-9A1E7A4F7556}") = "StatsDownload.Logging.Tests", "Shared\StatsDownload.Logging.Tests\StatsDownload.Logging.Tests.csproj", "{6C46D4D2-B9DE-4A26-8A39-D094EDE16C1E}"
EndProject
Project("{9A19103F-16F7-4668-BE54-9A1E7A4F7556}") = "StatsDownloadApi.Interfaces", "Api\StatsDownloadApi.Interfaces\StatsDownloadApi.Interfaces.csproj", "{3B1D764D-B9E6-464C-8460-DF4CEA07E67B}"
EndProject
Project("{9A19103F-16F7-4668-BE54-9A1E7A4F7556}") = "StatsDownloadApi.Database", "Api\StatsDownloadApi.Database\StatsDownloadApi.Database.csproj", "{1A43A16D-465E-4F64-94E1-03C4933E767A}"
EndProject
Project("{9A19103F-16F7-4668-BE54-9A1E7A4F7556}") = "StatsDownloadApi.Database.Tests", "Api\StatsDownloadApi.Database.Tests\StatsDownloadApi.Database.Tests.csproj", "{9A451861-9E61-4312-A61D-7E4F08FD9FDC}"
EndProject
Project("{9A19103F-16F7-4668-BE54-9A1E7A4F7556}") = "StatsDownload.Email", "Shared\StatsDownload.Email\StatsDownload.Email.csproj", "{390FD1BE-5ABB-48F9-8543-762B6B915011}"
EndProject
Project("{9A19103F-16F7-4668-BE54-9A1E7A4F7556}") = "StatsDownload.Email.Tests", "Shared\StatsDownload.Email.Tests\StatsDownload.Email.Tests.csproj", "{0DF513BF-45CB-43E0-998D-511C36B396AE}"
EndProject
Project("{2150E333-8FDC-42A3-9474-1A3956D46DE8}") = "DatabaseScripts", "DatabaseScripts", "{422CBC12-CC7E-4E3B-936A-A19DE5F310E2}"
EndProject
Project("{2150E333-8FDC-42A3-9474-1A3956D46DE8}") = "V2", "V2", "{64B2AAB0-86DF-412D-90CF-010319F3E7D1}"
	ProjectSection(SolutionItems) = preProject
		Database\V2\RunningStatsDownloadV2.sql = Database\V2\RunningStatsDownloadV2.sql
		Database\V2\4.StatsApiStoredProceduresV2.SQL = Database\V2\4.StatsApiStoredProceduresV2.SQL
		Database\V2\3.StatsDownloaderStoredProceduresV2.sql = Database\V2\3.StatsDownloaderStoredProceduresV2.sql
		Database\V2\2.StatsDownloadSchemaV2.sql = Database\V2\2.StatsDownloadSchemaV2.sql
		Database\V2\1.StatsDownloadDatabase.sql = Database\V2\1.StatsDownloadDatabase.sql
	EndProjectSection
EndProject
Project("{9A19103F-16F7-4668-BE54-9A1E7A4F7556}") = "StatsDownload.DataStore", "Shared\StatsDownload.DataStore\StatsDownload.DataStore.csproj", "{9802451D-B87B-484D-9A08-99DC6EC9E609}"
EndProject
Project("{9A19103F-16F7-4668-BE54-9A1E7A4F7556}") = "StatsDownload.DataStore.Tests", "Shared\StatsDownload.DataStore.Tests\StatsDownload.DataStore.Tests.csproj", "{8BD9EF02-AA7B-4CD3-A1D5-B9CA58D6D35C}"
EndProject
Project("{2150E333-8FDC-42A3-9474-1A3956D46DE8}") = "Apps", "Apps", "{0D2D5E26-8F3C-4295-BC2F-389F188A130B}"
EndProject
Project("{2150E333-8FDC-42A3-9474-1A3956D46DE8}") = "Tests", "Tests", "{DA6DC0B9-25C3-4037-86E8-DEB86B026AD3}"
EndProject
Project("{9A19103F-16F7-4668-BE54-9A1E7A4F7556}") = "StatsDownloadApi.DataStore", "Api\StatsDownloadApi.DataStore\StatsDownloadApi.DataStore.csproj", "{8EF1A460-9A50-4902-99E4-7E35E72D3EDD}"
EndProject
Project("{9A19103F-16F7-4668-BE54-9A1E7A4F7556}") = "StatsDownloadApi.DataStore.Tests", "Api\StatsDownloadApi.DataStore.Tests\StatsDownloadApi.DataStore.Tests.csproj", "{50D2D442-F3E5-45A3-9D26-622582BA8F4F}"
EndProject
Project("{9A19103F-16F7-4668-BE54-9A1E7A4F7556}") = "StatsDownload.Parsing.Tests", "Shared\StatsDownload.Parsing.Tests\StatsDownload.Parsing.Tests.csproj", "{747FD8C9-0C27-4179-B145-2D997584D182}"
EndProject
Project("{9A19103F-16F7-4668-BE54-9A1E7A4F7556}") = "StatsDownload.Parsing", "Shared\StatsDownload.Parsing\StatsDownload.Parsing.csproj", "{E69907F2-CA26-43F1-AB82-2E5A9D8A7015}"
EndProject
Project("{2150E333-8FDC-42A3-9474-1A3956D46DE8}") = "Shared", "Shared", "{8BAB7679-CD10-474A-ABF2-438A7E2D4DE9}"
EndProject
Project("{9A19103F-16F7-4668-BE54-9A1E7A4F7556}") = "StatsDownload.SharpZipLib", "Shared\StatsDownload.SharpZipLib\StatsDownload.SharpZipLib.csproj", "{6A165606-402B-4F78-AB20-FC8D5F8D20BE}"
EndProject
Project("{2150E333-8FDC-42A3-9474-1A3956D46DE8}") = "Services", "Services", "{C8E852DD-08C4-4C19-855E-6D7B4704DB61}"
EndProject
Project("{2150E333-8FDC-42A3-9474-1A3956D46DE8}") = "Download", "Download", "{68C3DCF3-2117-4F39-91F3-F10C6F7ABCE3}"
EndProject
Project("{9A19103F-16F7-4668-BE54-9A1E7A4F7556}") = "StatsDownload.Core", "StatsDownload\StatsDownload.Core\StatsDownload.Core.csproj", "{0E2BB7F9-0563-4A76-A8D1-8F9A01313A90}"
EndProject
Project("{9A19103F-16F7-4668-BE54-9A1E7A4F7556}") = "StatsDownload.Core.Tests", "StatsDownload\StatsDownload.Core.Tests\StatsDownload.Core.Tests.csproj", "{71C853D3-2EC6-478B-ACF0-02159C34ABBE}"
EndProject
Project("{9A19103F-16F7-4668-BE54-9A1E7A4F7556}") = "StatsDownload.FileDownload.Console", "StatsDownload\StatsDownload.FileDownload.Console\StatsDownload.FileDownload.Console.csproj", "{CE1BC2B0-9406-4B18-9AD7-87CB89A44A0F}"
EndProject
Project("{FAE04EC0-301F-11D3-BF4B-00C04F79EFBC}") = "StatsDownload.FileServer.TestHarness", "StatsDownload\StatsDownload.FileServer.TestHarness\StatsDownload.FileServer.TestHarness.csproj", "{F8F536D7-CFD1-4F46-890B-F53AEF11216A}"
EndProject
Project("{2150E333-8FDC-42A3-9474-1A3956D46DE8}") = "Tests", "Tests", "{5470CC68-FB65-4DD3-B966-04EBF8C2664A}"
EndProject
Project("{2150E333-8FDC-42A3-9474-1A3956D46DE8}") = "Apps", "Apps", "{AB61166C-7704-41DE-A87D-21688EE1718D}"
EndProject
Project("{2150E333-8FDC-42A3-9474-1A3956D46DE8}") = "Tests", "Tests", "{DCE60C3C-5904-43AC-B64B-9E8EAC2AE5E3}"
EndProject
Project("{9A19103F-16F7-4668-BE54-9A1E7A4F7556}") = "StatsDownload.DependencyInjection", "Shared\StatsDownload.DependencyInjection\StatsDownload.DependencyInjection.csproj", "{7489CDEA-3C4C-42EB-B022-FC10272AC6C3}"
EndProject
Project("{2150E333-8FDC-42A3-9474-1A3956D46DE8}") = "Testing Apps", "Testing Apps", "{BE8BBF3D-51F2-4FAD-BD39-C97F3D423313}"
EndProject
Project("{9A19103F-16F7-4668-BE54-9A1E7A4F7556}") = "StatsDownload.Core.TestHarness", "StatsDownload\StatsDownload.Core.TestHarness\StatsDownload.Core.TestHarness.csproj", "{F8199C3F-77B9-4AA7-AE16-2C8DED0FCCF3}"
EndProject
Project("{9A19103F-16F7-4668-BE54-9A1E7A4F7556}") = "StatsDownload.Email.DependencyInjection", "Shared\StatsDownload.Email.DependencyInjection\StatsDownload.Email.DependencyInjection.csproj", "{27EF2C09-7D04-424B-B35A-0FE37A564DDF}"
EndProject
Global
	GlobalSection(SolutionConfigurationPlatforms) = preSolution
		Debug|Any CPU = Debug|Any CPU
		Release|Any CPU = Release|Any CPU
	EndGlobalSection
	GlobalSection(ProjectConfigurationPlatforms) = postSolution
		{6252FD46-3B1B-460F-96CC-545AE7CC676F}.Debug|Any CPU.ActiveCfg = Debug|Any CPU
		{6252FD46-3B1B-460F-96CC-545AE7CC676F}.Debug|Any CPU.Build.0 = Debug|Any CPU
		{6252FD46-3B1B-460F-96CC-545AE7CC676F}.Release|Any CPU.ActiveCfg = Release|Any CPU
		{6252FD46-3B1B-460F-96CC-545AE7CC676F}.Release|Any CPU.Build.0 = Release|Any CPU
		{2FC30069-3821-4542-88CF-6D6D7BDB269A}.Debug|Any CPU.ActiveCfg = Debug|Any CPU
		{2FC30069-3821-4542-88CF-6D6D7BDB269A}.Debug|Any CPU.Build.0 = Debug|Any CPU
		{2FC30069-3821-4542-88CF-6D6D7BDB269A}.Release|Any CPU.ActiveCfg = Release|Any CPU
		{2FC30069-3821-4542-88CF-6D6D7BDB269A}.Release|Any CPU.Build.0 = Release|Any CPU
		{47E81FBC-80AD-4B8E-BFBA-CB13C333CDC9}.Debug|Any CPU.ActiveCfg = Debug|Any CPU
		{47E81FBC-80AD-4B8E-BFBA-CB13C333CDC9}.Debug|Any CPU.Build.0 = Debug|Any CPU
		{47E81FBC-80AD-4B8E-BFBA-CB13C333CDC9}.Release|Any CPU.ActiveCfg = Release|Any CPU
		{47E81FBC-80AD-4B8E-BFBA-CB13C333CDC9}.Release|Any CPU.Build.0 = Release|Any CPU
		{048A0FBC-58C4-4AA3-A6BF-565591DCB085}.Debug|Any CPU.ActiveCfg = Debug|Any CPU
		{048A0FBC-58C4-4AA3-A6BF-565591DCB085}.Debug|Any CPU.Build.0 = Debug|Any CPU
		{048A0FBC-58C4-4AA3-A6BF-565591DCB085}.Release|Any CPU.ActiveCfg = Release|Any CPU
		{048A0FBC-58C4-4AA3-A6BF-565591DCB085}.Release|Any CPU.Build.0 = Release|Any CPU
		{38C3DB41-1BBE-4DB6-9B6A-70A9DD4035AB}.Debug|Any CPU.ActiveCfg = Debug|Any CPU
		{38C3DB41-1BBE-4DB6-9B6A-70A9DD4035AB}.Debug|Any CPU.Build.0 = Debug|Any CPU
		{38C3DB41-1BBE-4DB6-9B6A-70A9DD4035AB}.Release|Any CPU.ActiveCfg = Release|Any CPU
		{38C3DB41-1BBE-4DB6-9B6A-70A9DD4035AB}.Release|Any CPU.Build.0 = Release|Any CPU
		{545BE106-EDA6-4F8D-A868-7175C53F9065}.Debug|Any CPU.ActiveCfg = Debug|Any CPU
		{545BE106-EDA6-4F8D-A868-7175C53F9065}.Debug|Any CPU.Build.0 = Debug|Any CPU
		{545BE106-EDA6-4F8D-A868-7175C53F9065}.Release|Any CPU.ActiveCfg = Release|Any CPU
		{545BE106-EDA6-4F8D-A868-7175C53F9065}.Release|Any CPU.Build.0 = Release|Any CPU
		{0D3DE2AA-0632-43EA-B6F9-393E53CC2531}.Debug|Any CPU.ActiveCfg = Debug|Any CPU
		{0D3DE2AA-0632-43EA-B6F9-393E53CC2531}.Debug|Any CPU.Build.0 = Debug|Any CPU
		{0D3DE2AA-0632-43EA-B6F9-393E53CC2531}.Release|Any CPU.ActiveCfg = Release|Any CPU
		{0D3DE2AA-0632-43EA-B6F9-393E53CC2531}.Release|Any CPU.Build.0 = Release|Any CPU
		{D3119AC5-B9A7-4C01-A038-748086106519}.Debug|Any CPU.ActiveCfg = Debug|Any CPU
		{D3119AC5-B9A7-4C01-A038-748086106519}.Debug|Any CPU.Build.0 = Debug|Any CPU
		{D3119AC5-B9A7-4C01-A038-748086106519}.Release|Any CPU.ActiveCfg = Release|Any CPU
		{D3119AC5-B9A7-4C01-A038-748086106519}.Release|Any CPU.Build.0 = Release|Any CPU
		{7BC613CA-1788-4958-A1FD-5D0D5DE27BB5}.Debug|Any CPU.ActiveCfg = Debug|Any CPU
		{7BC613CA-1788-4958-A1FD-5D0D5DE27BB5}.Debug|Any CPU.Build.0 = Debug|Any CPU
		{7BC613CA-1788-4958-A1FD-5D0D5DE27BB5}.Release|Any CPU.ActiveCfg = Release|Any CPU
		{7BC613CA-1788-4958-A1FD-5D0D5DE27BB5}.Release|Any CPU.Build.0 = Release|Any CPU
		{6C46D4D2-B9DE-4A26-8A39-D094EDE16C1E}.Debug|Any CPU.ActiveCfg = Debug|Any CPU
		{6C46D4D2-B9DE-4A26-8A39-D094EDE16C1E}.Debug|Any CPU.Build.0 = Debug|Any CPU
		{6C46D4D2-B9DE-4A26-8A39-D094EDE16C1E}.Release|Any CPU.ActiveCfg = Release|Any CPU
		{6C46D4D2-B9DE-4A26-8A39-D094EDE16C1E}.Release|Any CPU.Build.0 = Release|Any CPU
		{3B1D764D-B9E6-464C-8460-DF4CEA07E67B}.Debug|Any CPU.ActiveCfg = Debug|Any CPU
		{3B1D764D-B9E6-464C-8460-DF4CEA07E67B}.Debug|Any CPU.Build.0 = Debug|Any CPU
		{3B1D764D-B9E6-464C-8460-DF4CEA07E67B}.Release|Any CPU.ActiveCfg = Release|Any CPU
		{3B1D764D-B9E6-464C-8460-DF4CEA07E67B}.Release|Any CPU.Build.0 = Release|Any CPU
		{1A43A16D-465E-4F64-94E1-03C4933E767A}.Debug|Any CPU.ActiveCfg = Debug|Any CPU
		{1A43A16D-465E-4F64-94E1-03C4933E767A}.Debug|Any CPU.Build.0 = Debug|Any CPU
		{1A43A16D-465E-4F64-94E1-03C4933E767A}.Release|Any CPU.ActiveCfg = Release|Any CPU
		{1A43A16D-465E-4F64-94E1-03C4933E767A}.Release|Any CPU.Build.0 = Release|Any CPU
		{9A451861-9E61-4312-A61D-7E4F08FD9FDC}.Debug|Any CPU.ActiveCfg = Debug|Any CPU
		{9A451861-9E61-4312-A61D-7E4F08FD9FDC}.Debug|Any CPU.Build.0 = Debug|Any CPU
		{9A451861-9E61-4312-A61D-7E4F08FD9FDC}.Release|Any CPU.ActiveCfg = Release|Any CPU
		{9A451861-9E61-4312-A61D-7E4F08FD9FDC}.Release|Any CPU.Build.0 = Release|Any CPU
		{390FD1BE-5ABB-48F9-8543-762B6B915011}.Debug|Any CPU.ActiveCfg = Debug|Any CPU
		{390FD1BE-5ABB-48F9-8543-762B6B915011}.Debug|Any CPU.Build.0 = Debug|Any CPU
		{390FD1BE-5ABB-48F9-8543-762B6B915011}.Release|Any CPU.ActiveCfg = Release|Any CPU
		{390FD1BE-5ABB-48F9-8543-762B6B915011}.Release|Any CPU.Build.0 = Release|Any CPU
		{0DF513BF-45CB-43E0-998D-511C36B396AE}.Debug|Any CPU.ActiveCfg = Debug|Any CPU
		{0DF513BF-45CB-43E0-998D-511C36B396AE}.Debug|Any CPU.Build.0 = Debug|Any CPU
		{0DF513BF-45CB-43E0-998D-511C36B396AE}.Release|Any CPU.ActiveCfg = Release|Any CPU
		{0DF513BF-45CB-43E0-998D-511C36B396AE}.Release|Any CPU.Build.0 = Release|Any CPU
		{9802451D-B87B-484D-9A08-99DC6EC9E609}.Debug|Any CPU.ActiveCfg = Debug|Any CPU
		{9802451D-B87B-484D-9A08-99DC6EC9E609}.Debug|Any CPU.Build.0 = Debug|Any CPU
		{9802451D-B87B-484D-9A08-99DC6EC9E609}.Release|Any CPU.ActiveCfg = Release|Any CPU
		{9802451D-B87B-484D-9A08-99DC6EC9E609}.Release|Any CPU.Build.0 = Release|Any CPU
		{8BD9EF02-AA7B-4CD3-A1D5-B9CA58D6D35C}.Debug|Any CPU.ActiveCfg = Debug|Any CPU
		{8BD9EF02-AA7B-4CD3-A1D5-B9CA58D6D35C}.Debug|Any CPU.Build.0 = Debug|Any CPU
		{8BD9EF02-AA7B-4CD3-A1D5-B9CA58D6D35C}.Release|Any CPU.ActiveCfg = Release|Any CPU
		{8BD9EF02-AA7B-4CD3-A1D5-B9CA58D6D35C}.Release|Any CPU.Build.0 = Release|Any CPU
		{8EF1A460-9A50-4902-99E4-7E35E72D3EDD}.Debug|Any CPU.ActiveCfg = Debug|Any CPU
		{8EF1A460-9A50-4902-99E4-7E35E72D3EDD}.Debug|Any CPU.Build.0 = Debug|Any CPU
		{8EF1A460-9A50-4902-99E4-7E35E72D3EDD}.Release|Any CPU.ActiveCfg = Release|Any CPU
		{8EF1A460-9A50-4902-99E4-7E35E72D3EDD}.Release|Any CPU.Build.0 = Release|Any CPU
		{50D2D442-F3E5-45A3-9D26-622582BA8F4F}.Debug|Any CPU.ActiveCfg = Debug|Any CPU
		{50D2D442-F3E5-45A3-9D26-622582BA8F4F}.Debug|Any CPU.Build.0 = Debug|Any CPU
		{50D2D442-F3E5-45A3-9D26-622582BA8F4F}.Release|Any CPU.ActiveCfg = Release|Any CPU
		{50D2D442-F3E5-45A3-9D26-622582BA8F4F}.Release|Any CPU.Build.0 = Release|Any CPU
		{747FD8C9-0C27-4179-B145-2D997584D182}.Debug|Any CPU.ActiveCfg = Debug|Any CPU
		{747FD8C9-0C27-4179-B145-2D997584D182}.Debug|Any CPU.Build.0 = Debug|Any CPU
		{747FD8C9-0C27-4179-B145-2D997584D182}.Release|Any CPU.ActiveCfg = Release|Any CPU
		{747FD8C9-0C27-4179-B145-2D997584D182}.Release|Any CPU.Build.0 = Release|Any CPU
		{E69907F2-CA26-43F1-AB82-2E5A9D8A7015}.Debug|Any CPU.ActiveCfg = Debug|Any CPU
		{E69907F2-CA26-43F1-AB82-2E5A9D8A7015}.Debug|Any CPU.Build.0 = Debug|Any CPU
		{E69907F2-CA26-43F1-AB82-2E5A9D8A7015}.Release|Any CPU.ActiveCfg = Release|Any CPU
		{E69907F2-CA26-43F1-AB82-2E5A9D8A7015}.Release|Any CPU.Build.0 = Release|Any CPU
		{6A165606-402B-4F78-AB20-FC8D5F8D20BE}.Debug|Any CPU.ActiveCfg = Debug|Any CPU
		{6A165606-402B-4F78-AB20-FC8D5F8D20BE}.Debug|Any CPU.Build.0 = Debug|Any CPU
		{6A165606-402B-4F78-AB20-FC8D5F8D20BE}.Release|Any CPU.ActiveCfg = Release|Any CPU
		{6A165606-402B-4F78-AB20-FC8D5F8D20BE}.Release|Any CPU.Build.0 = Release|Any CPU
		{0E2BB7F9-0563-4A76-A8D1-8F9A01313A90}.Debug|Any CPU.ActiveCfg = Debug|Any CPU
		{0E2BB7F9-0563-4A76-A8D1-8F9A01313A90}.Debug|Any CPU.Build.0 = Debug|Any CPU
		{0E2BB7F9-0563-4A76-A8D1-8F9A01313A90}.Release|Any CPU.ActiveCfg = Release|Any CPU
		{0E2BB7F9-0563-4A76-A8D1-8F9A01313A90}.Release|Any CPU.Build.0 = Release|Any CPU
		{71C853D3-2EC6-478B-ACF0-02159C34ABBE}.Debug|Any CPU.ActiveCfg = Debug|Any CPU
		{71C853D3-2EC6-478B-ACF0-02159C34ABBE}.Debug|Any CPU.Build.0 = Debug|Any CPU
		{71C853D3-2EC6-478B-ACF0-02159C34ABBE}.Release|Any CPU.ActiveCfg = Release|Any CPU
		{71C853D3-2EC6-478B-ACF0-02159C34ABBE}.Release|Any CPU.Build.0 = Release|Any CPU
		{CE1BC2B0-9406-4B18-9AD7-87CB89A44A0F}.Debug|Any CPU.ActiveCfg = Debug|Any CPU
		{CE1BC2B0-9406-4B18-9AD7-87CB89A44A0F}.Debug|Any CPU.Build.0 = Debug|Any CPU
		{CE1BC2B0-9406-4B18-9AD7-87CB89A44A0F}.Release|Any CPU.ActiveCfg = Release|Any CPU
		{CE1BC2B0-9406-4B18-9AD7-87CB89A44A0F}.Release|Any CPU.Build.0 = Release|Any CPU
		{F8F536D7-CFD1-4F46-890B-F53AEF11216A}.Debug|Any CPU.ActiveCfg = Debug|Any CPU
		{F8F536D7-CFD1-4F46-890B-F53AEF11216A}.Debug|Any CPU.Build.0 = Debug|Any CPU
		{F8F536D7-CFD1-4F46-890B-F53AEF11216A}.Release|Any CPU.ActiveCfg = Release|Any CPU
		{F8F536D7-CFD1-4F46-890B-F53AEF11216A}.Release|Any CPU.Build.0 = Release|Any CPU
		{7489CDEA-3C4C-42EB-B022-FC10272AC6C3}.Debug|Any CPU.ActiveCfg = Debug|Any CPU
		{7489CDEA-3C4C-42EB-B022-FC10272AC6C3}.Debug|Any CPU.Build.0 = Debug|Any CPU
		{7489CDEA-3C4C-42EB-B022-FC10272AC6C3}.Release|Any CPU.ActiveCfg = Release|Any CPU
		{7489CDEA-3C4C-42EB-B022-FC10272AC6C3}.Release|Any CPU.Build.0 = Release|Any CPU
		{F8199C3F-77B9-4AA7-AE16-2C8DED0FCCF3}.Debug|Any CPU.ActiveCfg = Debug|Any CPU
		{F8199C3F-77B9-4AA7-AE16-2C8DED0FCCF3}.Debug|Any CPU.Build.0 = Debug|Any CPU
		{F8199C3F-77B9-4AA7-AE16-2C8DED0FCCF3}.Release|Any CPU.ActiveCfg = Release|Any CPU
		{F8199C3F-77B9-4AA7-AE16-2C8DED0FCCF3}.Release|Any CPU.Build.0 = Release|Any CPU
		{27EF2C09-7D04-424B-B35A-0FE37A564DDF}.Debug|Any CPU.ActiveCfg = Debug|Any CPU
		{27EF2C09-7D04-424B-B35A-0FE37A564DDF}.Debug|Any CPU.Build.0 = Debug|Any CPU
		{27EF2C09-7D04-424B-B35A-0FE37A564DDF}.Release|Any CPU.ActiveCfg = Release|Any CPU
		{27EF2C09-7D04-424B-B35A-0FE37A564DDF}.Release|Any CPU.Build.0 = Release|Any CPU
	EndGlobalSection
	GlobalSection(SolutionProperties) = preSolution
		HideSolutionNode = FALSE
	EndGlobalSection
	GlobalSection(NestedProjects) = preSolution
		{2FC30069-3821-4542-88CF-6D6D7BDB269A} = {DA6DC0B9-25C3-4037-86E8-DEB86B026AD3}
		{47E81FBC-80AD-4B8E-BFBA-CB13C333CDC9} = {0D2D5E26-8F3C-4295-BC2F-389F188A130B}
		{048A0FBC-58C4-4AA3-A6BF-565591DCB085} = {8BAB7679-CD10-474A-ABF2-438A7E2D4DE9}
		{38C3DB41-1BBE-4DB6-9B6A-70A9DD4035AB} = {8BAB7679-CD10-474A-ABF2-438A7E2D4DE9}
		{545BE106-EDA6-4F8D-A868-7175C53F9065} = {8BAB7679-CD10-474A-ABF2-438A7E2D4DE9}
		{0D3DE2AA-0632-43EA-B6F9-393E53CC2531} = {5470CC68-FB65-4DD3-B966-04EBF8C2664A}
		{D3119AC5-B9A7-4C01-A038-748086106519} = {8BAB7679-CD10-474A-ABF2-438A7E2D4DE9}
		{7BC613CA-1788-4958-A1FD-5D0D5DE27BB5} = {8BAB7679-CD10-474A-ABF2-438A7E2D4DE9}
		{6C46D4D2-B9DE-4A26-8A39-D094EDE16C1E} = {5470CC68-FB65-4DD3-B966-04EBF8C2664A}
		{9A451861-9E61-4312-A61D-7E4F08FD9FDC} = {DA6DC0B9-25C3-4037-86E8-DEB86B026AD3}
		{390FD1BE-5ABB-48F9-8543-762B6B915011} = {8BAB7679-CD10-474A-ABF2-438A7E2D4DE9}
		{0DF513BF-45CB-43E0-998D-511C36B396AE} = {5470CC68-FB65-4DD3-B966-04EBF8C2664A}
		{64B2AAB0-86DF-412D-90CF-010319F3E7D1} = {422CBC12-CC7E-4E3B-936A-A19DE5F310E2}
		{9802451D-B87B-484D-9A08-99DC6EC9E609} = {8BAB7679-CD10-474A-ABF2-438A7E2D4DE9}
		{8BD9EF02-AA7B-4CD3-A1D5-B9CA58D6D35C} = {5470CC68-FB65-4DD3-B966-04EBF8C2664A}
		{50D2D442-F3E5-45A3-9D26-622582BA8F4F} = {DA6DC0B9-25C3-4037-86E8-DEB86B026AD3}
		{747FD8C9-0C27-4179-B145-2D997584D182} = {5470CC68-FB65-4DD3-B966-04EBF8C2664A}
		{E69907F2-CA26-43F1-AB82-2E5A9D8A7015} = {8BAB7679-CD10-474A-ABF2-438A7E2D4DE9}
		{6A165606-402B-4F78-AB20-FC8D5F8D20BE} = {8BAB7679-CD10-474A-ABF2-438A7E2D4DE9}
		{C8E852DD-08C4-4C19-855E-6D7B4704DB61} = {0D2D5E26-8F3C-4295-BC2F-389F188A130B}
		{68C3DCF3-2117-4F39-91F3-F10C6F7ABCE3} = {C8E852DD-08C4-4C19-855E-6D7B4704DB61}
		{0E2BB7F9-0563-4A76-A8D1-8F9A01313A90} = {68C3DCF3-2117-4F39-91F3-F10C6F7ABCE3}
		{71C853D3-2EC6-478B-ACF0-02159C34ABBE} = {DCE60C3C-5904-43AC-B64B-9E8EAC2AE5E3}
		{CE1BC2B0-9406-4B18-9AD7-87CB89A44A0F} = {AB61166C-7704-41DE-A87D-21688EE1718D}
		{F8F536D7-CFD1-4F46-890B-F53AEF11216A} = {BE8BBF3D-51F2-4FAD-BD39-C97F3D423313}
		{5470CC68-FB65-4DD3-B966-04EBF8C2664A} = {8BAB7679-CD10-474A-ABF2-438A7E2D4DE9}
		{AB61166C-7704-41DE-A87D-21688EE1718D} = {68C3DCF3-2117-4F39-91F3-F10C6F7ABCE3}
		{DCE60C3C-5904-43AC-B64B-9E8EAC2AE5E3} = {68C3DCF3-2117-4F39-91F3-F10C6F7ABCE3}
		{7489CDEA-3C4C-42EB-B022-FC10272AC6C3} = {8BAB7679-CD10-474A-ABF2-438A7E2D4DE9}
		{F8199C3F-77B9-4AA7-AE16-2C8DED0FCCF3} = {BE8BBF3D-51F2-4FAD-BD39-C97F3D423313}
		{27EF2C09-7D04-424B-B35A-0FE37A564DDF} = {8BAB7679-CD10-474A-ABF2-438A7E2D4DE9}
	EndGlobalSection
	GlobalSection(ExtensibilityGlobals) = postSolution
		SolutionGuid = {8E2BE45E-58C3-4886-A037-A5C5DF4A9F59}
	EndGlobalSection
EndGlobal
