
Microsoft Visual Studio Solution File, Format Version 12.00
# Visual Studio 15
VisualStudioVersion = 15.0.27428.2027
MinimumVisualStudioVersion = 10.0.40219.1
Project("{FAE04EC0-301F-11D3-BF4B-00C04F79EFBC}") = "StatsDownload.TestHarness", "StatsDownload.TestHarness\StatsDownload.TestHarness.csproj", "{A0CC8A1A-A399-478D-A8EC-E7B3FD3C4AED}"
EndProject
Project("{FAE04EC0-301F-11D3-BF4B-00C04F79EFBC}") = "StatsDownload.FileServer.TestHarness", "StatsDownload.FileServer.TestHarness\StatsDownload.FileServer.TestHarness.csproj", "{F8F536D7-CFD1-4F46-890B-F53AEF11216A}"
EndProject
Project("{9A19103F-16F7-4668-BE54-9A1E7A4F7556}") = "StatsDownload.FileDownload.Console", "StatsDownload.FileDownload.Console\StatsDownload.FileDownload.Console.csproj", "{DE963BFD-054A-49EA-A389-F3FF5843B122}"
EndProject
Project("{9A19103F-16F7-4668-BE54-9A1E7A4F7556}") = "StatsDownload.Core", "StatsDownload.Core\StatsDownload.Core.csproj", "{9C2C5AA3-9E2C-4A2F-97E3-081633B83F6D}"
EndProject
Project("{9A19103F-16F7-4668-BE54-9A1E7A4F7556}") = "StatsDownload.Core.Tests", "StatsDownload.Core.Tests\StatsDownload.Core.Tests.csproj", "{7B944D10-A498-4F26-98D3-1228F7D25043}"
EndProject
Project("{9A19103F-16F7-4668-BE54-9A1E7A4F7556}") = "StatsDownload.Extensions", "..\Shared\StatsDownload.Extensions\StatsDownload.Extensions.csproj", "{7E3039C8-E356-4C20-93CC-2F395F82F11F}"
EndProject
Project("{9A19103F-16F7-4668-BE54-9A1E7A4F7556}") = "StatsDownload.Database", "..\Shared\StatsDownload.Database\StatsDownload.Database.csproj", "{ECE601B0-D016-4F2F-B511-EC353B4C9E6C}"
EndProject
Project("{9A19103F-16F7-4668-BE54-9A1E7A4F7556}") = "StatsDownload.Database.CastleWindsor", "..\Shared\StatsDownload.Database.CastleWindsor\StatsDownload.Database.CastleWindsor.csproj", "{EA7CC5F6-ED7B-4483-9B90-1E06F9128D38}"
EndProject
Project("{9A19103F-16F7-4668-BE54-9A1E7A4F7556}") = "StatsDownload.Wrappers", "..\Shared\StatsDownload.Wrappers\StatsDownload.Wrappers.csproj", "{E449C9B2-F60D-457D-B2F7-A31058513C88}"
EndProject
Project("{9A19103F-16F7-4668-BE54-9A1E7A4F7556}") = "StatsDownload.Database.Tests", "..\Shared\StatsDownload.Database.Tests\StatsDownload.Database.Tests.csproj", "{D83C8645-EB14-481F-81AE-C69623245C24}"
EndProject
Project("{9A19103F-16F7-4668-BE54-9A1E7A4F7556}") = "StatsDownload.Core.Interfaces", "..\Shared\StatsDownload.Core.Interfaces\StatsDownload.Core.Interfaces.csproj", "{D829CE72-1B6E-421F-8ED9-C4D24DD3CCC7}"
EndProject
Project("{9A19103F-16F7-4668-BE54-9A1E7A4F7556}") = "StatsDownload.Logging", "..\Shared\StatsDownload.Logging\StatsDownload.Logging.csproj", "{B28ED1BF-ECA6-4334-998B-A7674D509DC6}"
EndProject
Project("{9A19103F-16F7-4668-BE54-9A1E7A4F7556}") = "StatsDownload.Logging.Tests", "..\Shared\StatsDownload.Logging.Tests\StatsDownload.Logging.Tests.csproj", "{6745AC86-43C3-4B48-8B7F-55A338B3B18C}"
EndProject
Project("{9A19103F-16F7-4668-BE54-9A1E7A4F7556}") = "StatsDownload.Email", "..\Shared\StatsDownload.Email\StatsDownload.Email.csproj", "{EE8E9FF2-9826-41C2-9219-04B446EBBEA2}"
EndProject
Project("{9A19103F-16F7-4668-BE54-9A1E7A4F7556}") = "StatsDownload.Email.Tests", "..\Shared\StatsDownload.Email.Tests\StatsDownload.Email.Tests.csproj", "{FA213D4C-7F3E-4991-ADE3-BE8B1EB78C94}"
EndProject
Project("{2150E333-8FDC-42A3-9474-1A3956D46DE8}") = "DatabaseScripts", "DatabaseScripts", "{CE0F794D-DBA3-4983-B4A3-B8622D2A0AB5}"
EndProject
Project("{2150E333-8FDC-42A3-9474-1A3956D46DE8}") = "V2", "V2", "{2B7F5B21-A35E-4063-9EBD-21DE132E2761}"
	ProjectSection(SolutionItems) = preProject
		..\Database\V2\RunningStatsDownloadV2.sql = ..\Database\V2\RunningStatsDownloadV2.sql
		..\Database\V2\StatsApiStoredProceduresV2.SQL = ..\Database\V2\StatsApiStoredProceduresV2.SQL
		..\Database\V2\StatsDownloaderStoredProceduresV2.sql = ..\Database\V2\StatsDownloaderStoredProceduresV2.sql
		..\Database\V2\StatsDownloadSchemaV2.sql = ..\Database\V2\StatsDownloadSchemaV2.sql
	EndProjectSection
EndProject
Project("{2150E333-8FDC-42A3-9474-1A3956D46DE8}") = "Apps", "Apps", "{AC94B7DB-A1FB-4E0D-9330-F13F348CD5C3}"
EndProject
Project("{2150E333-8FDC-42A3-9474-1A3956D46DE8}") = "Tests", "Tests", "{0D375AC8-B343-43E2-8E5E-17E1C8DFB0B0}"
EndProject
Project("{2150E333-8FDC-42A3-9474-1A3956D46DE8}") = "TestHarness", "TestHarness", "{E539D83D-6F08-496B-8BDF-F0FB58E0E7B8}"
EndProject
Project("{9A19103F-16F7-4668-BE54-9A1E7A4F7556}") = "StatsDownload.DataStore", "..\Shared\StatsDownload.DataStore\StatsDownload.DataStore.csproj", "{F557F680-BF8E-4492-B099-480999F928A1}"
EndProject
Project("{9A19103F-16F7-4668-BE54-9A1E7A4F7556}") = "StatsDownload.DataStore.Tests", "..\Shared\StatsDownload.DataStore.Tests\StatsDownload.DataStore.Tests.csproj", "{EDF14CF4-8217-49ED-8A41-E2851E85CE1D}"
EndProject
Project("{9A19103F-16F7-4668-BE54-9A1E7A4F7556}") = "StatsDownload.Parsing", "..\Shared\StatsDownload.Parsing\StatsDownload.Parsing.csproj", "{77BB08E3-FD87-4E4D-AEC3-916DC6CEFAB2}"
EndProject
Project("{9A19103F-16F7-4668-BE54-9A1E7A4F7556}") = "StatsDownload.Parsing.Tests", "..\Shared\StatsDownload.Parsing.Tests\StatsDownload.Parsing.Tests.csproj", "{528FDBE6-6067-40A5-BEF4-3713CF35B998}"
EndProject
Project("{2150E333-8FDC-42A3-9474-1A3956D46DE8}") = "Shared", "Shared", "{F2A2946C-C5AB-4804-ADCE-58B4F6EDFEF4}"
EndProject
Project("{9A19103F-16F7-4668-BE54-9A1E7A4F7556}") = "StatsDownload.SharpZipLib", "..\Shared\StatsDownload.SharpZipLib\StatsDownload.SharpZipLib.csproj", "{D628CC2E-DC8C-4259-B455-AE5F6A0290E4}"
EndProject
Global
	GlobalSection(SolutionConfigurationPlatforms) = preSolution
		Debug|Any CPU = Debug|Any CPU
		Debug|x64 = Debug|x64
		Debug|x86 = Debug|x86
		Release|Any CPU = Release|Any CPU
		Release|x64 = Release|x64
		Release|x86 = Release|x86
	EndGlobalSection
	GlobalSection(ProjectConfigurationPlatforms) = postSolution
		{A0CC8A1A-A399-478D-A8EC-E7B3FD3C4AED}.Debug|Any CPU.ActiveCfg = Debug|Any CPU
		{A0CC8A1A-A399-478D-A8EC-E7B3FD3C4AED}.Debug|Any CPU.Build.0 = Debug|Any CPU
		{A0CC8A1A-A399-478D-A8EC-E7B3FD3C4AED}.Debug|x64.ActiveCfg = Debug|Any CPU
		{A0CC8A1A-A399-478D-A8EC-E7B3FD3C4AED}.Debug|x64.Build.0 = Debug|Any CPU
		{A0CC8A1A-A399-478D-A8EC-E7B3FD3C4AED}.Debug|x86.ActiveCfg = Debug|Any CPU
		{A0CC8A1A-A399-478D-A8EC-E7B3FD3C4AED}.Debug|x86.Build.0 = Debug|Any CPU
		{A0CC8A1A-A399-478D-A8EC-E7B3FD3C4AED}.Release|Any CPU.ActiveCfg = Release|Any CPU
		{A0CC8A1A-A399-478D-A8EC-E7B3FD3C4AED}.Release|Any CPU.Build.0 = Release|Any CPU
		{A0CC8A1A-A399-478D-A8EC-E7B3FD3C4AED}.Release|x64.ActiveCfg = Release|Any CPU
		{A0CC8A1A-A399-478D-A8EC-E7B3FD3C4AED}.Release|x64.Build.0 = Release|Any CPU
		{A0CC8A1A-A399-478D-A8EC-E7B3FD3C4AED}.Release|x86.ActiveCfg = Release|Any CPU
		{A0CC8A1A-A399-478D-A8EC-E7B3FD3C4AED}.Release|x86.Build.0 = Release|Any CPU
		{F8F536D7-CFD1-4F46-890B-F53AEF11216A}.Debug|Any CPU.ActiveCfg = Debug|Any CPU
		{F8F536D7-CFD1-4F46-890B-F53AEF11216A}.Debug|Any CPU.Build.0 = Debug|Any CPU
		{F8F536D7-CFD1-4F46-890B-F53AEF11216A}.Debug|x64.ActiveCfg = Debug|Any CPU
		{F8F536D7-CFD1-4F46-890B-F53AEF11216A}.Debug|x64.Build.0 = Debug|Any CPU
		{F8F536D7-CFD1-4F46-890B-F53AEF11216A}.Debug|x86.ActiveCfg = Debug|Any CPU
		{F8F536D7-CFD1-4F46-890B-F53AEF11216A}.Debug|x86.Build.0 = Debug|Any CPU
		{F8F536D7-CFD1-4F46-890B-F53AEF11216A}.Release|Any CPU.ActiveCfg = Release|Any CPU
		{F8F536D7-CFD1-4F46-890B-F53AEF11216A}.Release|Any CPU.Build.0 = Release|Any CPU
		{F8F536D7-CFD1-4F46-890B-F53AEF11216A}.Release|x64.ActiveCfg = Release|Any CPU
		{F8F536D7-CFD1-4F46-890B-F53AEF11216A}.Release|x64.Build.0 = Release|Any CPU
		{F8F536D7-CFD1-4F46-890B-F53AEF11216A}.Release|x86.ActiveCfg = Release|Any CPU
		{F8F536D7-CFD1-4F46-890B-F53AEF11216A}.Release|x86.Build.0 = Release|Any CPU
		{DE963BFD-054A-49EA-A389-F3FF5843B122}.Debug|Any CPU.ActiveCfg = Debug|Any CPU
		{DE963BFD-054A-49EA-A389-F3FF5843B122}.Debug|Any CPU.Build.0 = Debug|Any CPU
		{DE963BFD-054A-49EA-A389-F3FF5843B122}.Debug|x64.ActiveCfg = Debug|Any CPU
		{DE963BFD-054A-49EA-A389-F3FF5843B122}.Debug|x64.Build.0 = Debug|Any CPU
		{DE963BFD-054A-49EA-A389-F3FF5843B122}.Debug|x86.ActiveCfg = Debug|Any CPU
		{DE963BFD-054A-49EA-A389-F3FF5843B122}.Debug|x86.Build.0 = Debug|Any CPU
		{DE963BFD-054A-49EA-A389-F3FF5843B122}.Release|Any CPU.ActiveCfg = Release|Any CPU
		{DE963BFD-054A-49EA-A389-F3FF5843B122}.Release|Any CPU.Build.0 = Release|Any CPU
		{DE963BFD-054A-49EA-A389-F3FF5843B122}.Release|x64.ActiveCfg = Release|Any CPU
		{DE963BFD-054A-49EA-A389-F3FF5843B122}.Release|x64.Build.0 = Release|Any CPU
		{DE963BFD-054A-49EA-A389-F3FF5843B122}.Release|x86.ActiveCfg = Release|Any CPU
		{DE963BFD-054A-49EA-A389-F3FF5843B122}.Release|x86.Build.0 = Release|Any CPU
		{9C2C5AA3-9E2C-4A2F-97E3-081633B83F6D}.Debug|Any CPU.ActiveCfg = Debug|Any CPU
		{9C2C5AA3-9E2C-4A2F-97E3-081633B83F6D}.Debug|Any CPU.Build.0 = Debug|Any CPU
		{9C2C5AA3-9E2C-4A2F-97E3-081633B83F6D}.Debug|x64.ActiveCfg = Debug|Any CPU
		{9C2C5AA3-9E2C-4A2F-97E3-081633B83F6D}.Debug|x64.Build.0 = Debug|Any CPU
		{9C2C5AA3-9E2C-4A2F-97E3-081633B83F6D}.Debug|x86.ActiveCfg = Debug|Any CPU
		{9C2C5AA3-9E2C-4A2F-97E3-081633B83F6D}.Debug|x86.Build.0 = Debug|Any CPU
		{9C2C5AA3-9E2C-4A2F-97E3-081633B83F6D}.Release|Any CPU.ActiveCfg = Release|Any CPU
		{9C2C5AA3-9E2C-4A2F-97E3-081633B83F6D}.Release|Any CPU.Build.0 = Release|Any CPU
		{9C2C5AA3-9E2C-4A2F-97E3-081633B83F6D}.Release|x64.ActiveCfg = Release|Any CPU
		{9C2C5AA3-9E2C-4A2F-97E3-081633B83F6D}.Release|x64.Build.0 = Release|Any CPU
		{9C2C5AA3-9E2C-4A2F-97E3-081633B83F6D}.Release|x86.ActiveCfg = Release|Any CPU
		{9C2C5AA3-9E2C-4A2F-97E3-081633B83F6D}.Release|x86.Build.0 = Release|Any CPU
		{7B944D10-A498-4F26-98D3-1228F7D25043}.Debug|Any CPU.ActiveCfg = Debug|Any CPU
		{7B944D10-A498-4F26-98D3-1228F7D25043}.Debug|Any CPU.Build.0 = Debug|Any CPU
		{7B944D10-A498-4F26-98D3-1228F7D25043}.Debug|x64.ActiveCfg = Debug|Any CPU
		{7B944D10-A498-4F26-98D3-1228F7D25043}.Debug|x64.Build.0 = Debug|Any CPU
		{7B944D10-A498-4F26-98D3-1228F7D25043}.Debug|x86.ActiveCfg = Debug|Any CPU
		{7B944D10-A498-4F26-98D3-1228F7D25043}.Debug|x86.Build.0 = Debug|Any CPU
		{7B944D10-A498-4F26-98D3-1228F7D25043}.Release|Any CPU.ActiveCfg = Release|Any CPU
		{7B944D10-A498-4F26-98D3-1228F7D25043}.Release|Any CPU.Build.0 = Release|Any CPU
		{7B944D10-A498-4F26-98D3-1228F7D25043}.Release|x64.ActiveCfg = Release|Any CPU
		{7B944D10-A498-4F26-98D3-1228F7D25043}.Release|x64.Build.0 = Release|Any CPU
		{7B944D10-A498-4F26-98D3-1228F7D25043}.Release|x86.ActiveCfg = Release|Any CPU
		{7B944D10-A498-4F26-98D3-1228F7D25043}.Release|x86.Build.0 = Release|Any CPU
		{7E3039C8-E356-4C20-93CC-2F395F82F11F}.Debug|Any CPU.ActiveCfg = Debug|Any CPU
		{7E3039C8-E356-4C20-93CC-2F395F82F11F}.Debug|Any CPU.Build.0 = Debug|Any CPU
		{7E3039C8-E356-4C20-93CC-2F395F82F11F}.Debug|x64.ActiveCfg = Debug|Any CPU
		{7E3039C8-E356-4C20-93CC-2F395F82F11F}.Debug|x64.Build.0 = Debug|Any CPU
		{7E3039C8-E356-4C20-93CC-2F395F82F11F}.Debug|x86.ActiveCfg = Debug|Any CPU
		{7E3039C8-E356-4C20-93CC-2F395F82F11F}.Debug|x86.Build.0 = Debug|Any CPU
		{7E3039C8-E356-4C20-93CC-2F395F82F11F}.Release|Any CPU.ActiveCfg = Release|Any CPU
		{7E3039C8-E356-4C20-93CC-2F395F82F11F}.Release|Any CPU.Build.0 = Release|Any CPU
		{7E3039C8-E356-4C20-93CC-2F395F82F11F}.Release|x64.ActiveCfg = Release|Any CPU
		{7E3039C8-E356-4C20-93CC-2F395F82F11F}.Release|x64.Build.0 = Release|Any CPU
		{7E3039C8-E356-4C20-93CC-2F395F82F11F}.Release|x86.ActiveCfg = Release|Any CPU
		{7E3039C8-E356-4C20-93CC-2F395F82F11F}.Release|x86.Build.0 = Release|Any CPU
		{ECE601B0-D016-4F2F-B511-EC353B4C9E6C}.Debug|Any CPU.ActiveCfg = Debug|Any CPU
		{ECE601B0-D016-4F2F-B511-EC353B4C9E6C}.Debug|Any CPU.Build.0 = Debug|Any CPU
		{ECE601B0-D016-4F2F-B511-EC353B4C9E6C}.Debug|x64.ActiveCfg = Debug|Any CPU
		{ECE601B0-D016-4F2F-B511-EC353B4C9E6C}.Debug|x64.Build.0 = Debug|Any CPU
		{ECE601B0-D016-4F2F-B511-EC353B4C9E6C}.Debug|x86.ActiveCfg = Debug|Any CPU
		{ECE601B0-D016-4F2F-B511-EC353B4C9E6C}.Debug|x86.Build.0 = Debug|Any CPU
		{ECE601B0-D016-4F2F-B511-EC353B4C9E6C}.Release|Any CPU.ActiveCfg = Release|Any CPU
		{ECE601B0-D016-4F2F-B511-EC353B4C9E6C}.Release|Any CPU.Build.0 = Release|Any CPU
		{ECE601B0-D016-4F2F-B511-EC353B4C9E6C}.Release|x64.ActiveCfg = Release|Any CPU
		{ECE601B0-D016-4F2F-B511-EC353B4C9E6C}.Release|x64.Build.0 = Release|Any CPU
		{ECE601B0-D016-4F2F-B511-EC353B4C9E6C}.Release|x86.ActiveCfg = Release|Any CPU
		{ECE601B0-D016-4F2F-B511-EC353B4C9E6C}.Release|x86.Build.0 = Release|Any CPU
		{EA7CC5F6-ED7B-4483-9B90-1E06F9128D38}.Debug|Any CPU.ActiveCfg = Debug|Any CPU
		{EA7CC5F6-ED7B-4483-9B90-1E06F9128D38}.Debug|Any CPU.Build.0 = Debug|Any CPU
		{EA7CC5F6-ED7B-4483-9B90-1E06F9128D38}.Debug|x64.ActiveCfg = Debug|Any CPU
		{EA7CC5F6-ED7B-4483-9B90-1E06F9128D38}.Debug|x64.Build.0 = Debug|Any CPU
		{EA7CC5F6-ED7B-4483-9B90-1E06F9128D38}.Debug|x86.ActiveCfg = Debug|Any CPU
		{EA7CC5F6-ED7B-4483-9B90-1E06F9128D38}.Debug|x86.Build.0 = Debug|Any CPU
		{EA7CC5F6-ED7B-4483-9B90-1E06F9128D38}.Release|Any CPU.ActiveCfg = Release|Any CPU
		{EA7CC5F6-ED7B-4483-9B90-1E06F9128D38}.Release|Any CPU.Build.0 = Release|Any CPU
		{EA7CC5F6-ED7B-4483-9B90-1E06F9128D38}.Release|x64.ActiveCfg = Release|Any CPU
		{EA7CC5F6-ED7B-4483-9B90-1E06F9128D38}.Release|x64.Build.0 = Release|Any CPU
		{EA7CC5F6-ED7B-4483-9B90-1E06F9128D38}.Release|x86.ActiveCfg = Release|Any CPU
		{EA7CC5F6-ED7B-4483-9B90-1E06F9128D38}.Release|x86.Build.0 = Release|Any CPU
		{E449C9B2-F60D-457D-B2F7-A31058513C88}.Debug|Any CPU.ActiveCfg = Debug|Any CPU
		{E449C9B2-F60D-457D-B2F7-A31058513C88}.Debug|Any CPU.Build.0 = Debug|Any CPU
		{E449C9B2-F60D-457D-B2F7-A31058513C88}.Debug|x64.ActiveCfg = Debug|Any CPU
		{E449C9B2-F60D-457D-B2F7-A31058513C88}.Debug|x64.Build.0 = Debug|Any CPU
		{E449C9B2-F60D-457D-B2F7-A31058513C88}.Debug|x86.ActiveCfg = Debug|Any CPU
		{E449C9B2-F60D-457D-B2F7-A31058513C88}.Debug|x86.Build.0 = Debug|Any CPU
		{E449C9B2-F60D-457D-B2F7-A31058513C88}.Release|Any CPU.ActiveCfg = Release|Any CPU
		{E449C9B2-F60D-457D-B2F7-A31058513C88}.Release|Any CPU.Build.0 = Release|Any CPU
		{E449C9B2-F60D-457D-B2F7-A31058513C88}.Release|x64.ActiveCfg = Release|Any CPU
		{E449C9B2-F60D-457D-B2F7-A31058513C88}.Release|x64.Build.0 = Release|Any CPU
		{E449C9B2-F60D-457D-B2F7-A31058513C88}.Release|x86.ActiveCfg = Release|Any CPU
		{E449C9B2-F60D-457D-B2F7-A31058513C88}.Release|x86.Build.0 = Release|Any CPU
		{D83C8645-EB14-481F-81AE-C69623245C24}.Debug|Any CPU.ActiveCfg = Debug|Any CPU
		{D83C8645-EB14-481F-81AE-C69623245C24}.Debug|Any CPU.Build.0 = Debug|Any CPU
		{D83C8645-EB14-481F-81AE-C69623245C24}.Debug|x64.ActiveCfg = Debug|Any CPU
		{D83C8645-EB14-481F-81AE-C69623245C24}.Debug|x64.Build.0 = Debug|Any CPU
		{D83C8645-EB14-481F-81AE-C69623245C24}.Debug|x86.ActiveCfg = Debug|Any CPU
		{D83C8645-EB14-481F-81AE-C69623245C24}.Debug|x86.Build.0 = Debug|Any CPU
		{D83C8645-EB14-481F-81AE-C69623245C24}.Release|Any CPU.ActiveCfg = Release|Any CPU
		{D83C8645-EB14-481F-81AE-C69623245C24}.Release|Any CPU.Build.0 = Release|Any CPU
		{D83C8645-EB14-481F-81AE-C69623245C24}.Release|x64.ActiveCfg = Release|Any CPU
		{D83C8645-EB14-481F-81AE-C69623245C24}.Release|x64.Build.0 = Release|Any CPU
		{D83C8645-EB14-481F-81AE-C69623245C24}.Release|x86.ActiveCfg = Release|Any CPU
		{D83C8645-EB14-481F-81AE-C69623245C24}.Release|x86.Build.0 = Release|Any CPU
		{D829CE72-1B6E-421F-8ED9-C4D24DD3CCC7}.Debug|Any CPU.ActiveCfg = Debug|Any CPU
		{D829CE72-1B6E-421F-8ED9-C4D24DD3CCC7}.Debug|Any CPU.Build.0 = Debug|Any CPU
		{D829CE72-1B6E-421F-8ED9-C4D24DD3CCC7}.Debug|x64.ActiveCfg = Debug|Any CPU
		{D829CE72-1B6E-421F-8ED9-C4D24DD3CCC7}.Debug|x64.Build.0 = Debug|Any CPU
		{D829CE72-1B6E-421F-8ED9-C4D24DD3CCC7}.Debug|x86.ActiveCfg = Debug|Any CPU
		{D829CE72-1B6E-421F-8ED9-C4D24DD3CCC7}.Debug|x86.Build.0 = Debug|Any CPU
		{D829CE72-1B6E-421F-8ED9-C4D24DD3CCC7}.Release|Any CPU.ActiveCfg = Release|Any CPU
		{D829CE72-1B6E-421F-8ED9-C4D24DD3CCC7}.Release|Any CPU.Build.0 = Release|Any CPU
		{D829CE72-1B6E-421F-8ED9-C4D24DD3CCC7}.Release|x64.ActiveCfg = Release|Any CPU
		{D829CE72-1B6E-421F-8ED9-C4D24DD3CCC7}.Release|x64.Build.0 = Release|Any CPU
		{D829CE72-1B6E-421F-8ED9-C4D24DD3CCC7}.Release|x86.ActiveCfg = Release|Any CPU
		{D829CE72-1B6E-421F-8ED9-C4D24DD3CCC7}.Release|x86.Build.0 = Release|Any CPU
		{B28ED1BF-ECA6-4334-998B-A7674D509DC6}.Debug|Any CPU.ActiveCfg = Debug|Any CPU
		{B28ED1BF-ECA6-4334-998B-A7674D509DC6}.Debug|Any CPU.Build.0 = Debug|Any CPU
		{B28ED1BF-ECA6-4334-998B-A7674D509DC6}.Debug|x64.ActiveCfg = Debug|Any CPU
		{B28ED1BF-ECA6-4334-998B-A7674D509DC6}.Debug|x64.Build.0 = Debug|Any CPU
		{B28ED1BF-ECA6-4334-998B-A7674D509DC6}.Debug|x86.ActiveCfg = Debug|Any CPU
		{B28ED1BF-ECA6-4334-998B-A7674D509DC6}.Debug|x86.Build.0 = Debug|Any CPU
		{B28ED1BF-ECA6-4334-998B-A7674D509DC6}.Release|Any CPU.ActiveCfg = Release|Any CPU
		{B28ED1BF-ECA6-4334-998B-A7674D509DC6}.Release|Any CPU.Build.0 = Release|Any CPU
		{B28ED1BF-ECA6-4334-998B-A7674D509DC6}.Release|x64.ActiveCfg = Release|Any CPU
		{B28ED1BF-ECA6-4334-998B-A7674D509DC6}.Release|x64.Build.0 = Release|Any CPU
		{B28ED1BF-ECA6-4334-998B-A7674D509DC6}.Release|x86.ActiveCfg = Release|Any CPU
		{B28ED1BF-ECA6-4334-998B-A7674D509DC6}.Release|x86.Build.0 = Release|Any CPU
		{6745AC86-43C3-4B48-8B7F-55A338B3B18C}.Debug|Any CPU.ActiveCfg = Debug|Any CPU
		{6745AC86-43C3-4B48-8B7F-55A338B3B18C}.Debug|Any CPU.Build.0 = Debug|Any CPU
		{6745AC86-43C3-4B48-8B7F-55A338B3B18C}.Debug|x64.ActiveCfg = Debug|Any CPU
		{6745AC86-43C3-4B48-8B7F-55A338B3B18C}.Debug|x64.Build.0 = Debug|Any CPU
		{6745AC86-43C3-4B48-8B7F-55A338B3B18C}.Debug|x86.ActiveCfg = Debug|Any CPU
		{6745AC86-43C3-4B48-8B7F-55A338B3B18C}.Debug|x86.Build.0 = Debug|Any CPU
		{6745AC86-43C3-4B48-8B7F-55A338B3B18C}.Release|Any CPU.ActiveCfg = Release|Any CPU
		{6745AC86-43C3-4B48-8B7F-55A338B3B18C}.Release|Any CPU.Build.0 = Release|Any CPU
		{6745AC86-43C3-4B48-8B7F-55A338B3B18C}.Release|x64.ActiveCfg = Release|Any CPU
		{6745AC86-43C3-4B48-8B7F-55A338B3B18C}.Release|x64.Build.0 = Release|Any CPU
		{6745AC86-43C3-4B48-8B7F-55A338B3B18C}.Release|x86.ActiveCfg = Release|Any CPU
		{6745AC86-43C3-4B48-8B7F-55A338B3B18C}.Release|x86.Build.0 = Release|Any CPU
		{EE8E9FF2-9826-41C2-9219-04B446EBBEA2}.Debug|Any CPU.ActiveCfg = Debug|Any CPU
		{EE8E9FF2-9826-41C2-9219-04B446EBBEA2}.Debug|Any CPU.Build.0 = Debug|Any CPU
		{EE8E9FF2-9826-41C2-9219-04B446EBBEA2}.Debug|x64.ActiveCfg = Debug|Any CPU
		{EE8E9FF2-9826-41C2-9219-04B446EBBEA2}.Debug|x64.Build.0 = Debug|Any CPU
		{EE8E9FF2-9826-41C2-9219-04B446EBBEA2}.Debug|x86.ActiveCfg = Debug|Any CPU
		{EE8E9FF2-9826-41C2-9219-04B446EBBEA2}.Debug|x86.Build.0 = Debug|Any CPU
		{EE8E9FF2-9826-41C2-9219-04B446EBBEA2}.Release|Any CPU.ActiveCfg = Release|Any CPU
		{EE8E9FF2-9826-41C2-9219-04B446EBBEA2}.Release|Any CPU.Build.0 = Release|Any CPU
		{EE8E9FF2-9826-41C2-9219-04B446EBBEA2}.Release|x64.ActiveCfg = Release|Any CPU
		{EE8E9FF2-9826-41C2-9219-04B446EBBEA2}.Release|x64.Build.0 = Release|Any CPU
		{EE8E9FF2-9826-41C2-9219-04B446EBBEA2}.Release|x86.ActiveCfg = Release|Any CPU
		{EE8E9FF2-9826-41C2-9219-04B446EBBEA2}.Release|x86.Build.0 = Release|Any CPU
		{FA213D4C-7F3E-4991-ADE3-BE8B1EB78C94}.Debug|Any CPU.ActiveCfg = Debug|Any CPU
		{FA213D4C-7F3E-4991-ADE3-BE8B1EB78C94}.Debug|Any CPU.Build.0 = Debug|Any CPU
		{FA213D4C-7F3E-4991-ADE3-BE8B1EB78C94}.Debug|x64.ActiveCfg = Debug|Any CPU
		{FA213D4C-7F3E-4991-ADE3-BE8B1EB78C94}.Debug|x64.Build.0 = Debug|Any CPU
		{FA213D4C-7F3E-4991-ADE3-BE8B1EB78C94}.Debug|x86.ActiveCfg = Debug|Any CPU
		{FA213D4C-7F3E-4991-ADE3-BE8B1EB78C94}.Debug|x86.Build.0 = Debug|Any CPU
		{FA213D4C-7F3E-4991-ADE3-BE8B1EB78C94}.Release|Any CPU.ActiveCfg = Release|Any CPU
		{FA213D4C-7F3E-4991-ADE3-BE8B1EB78C94}.Release|Any CPU.Build.0 = Release|Any CPU
		{FA213D4C-7F3E-4991-ADE3-BE8B1EB78C94}.Release|x64.ActiveCfg = Release|Any CPU
		{FA213D4C-7F3E-4991-ADE3-BE8B1EB78C94}.Release|x64.Build.0 = Release|Any CPU
		{FA213D4C-7F3E-4991-ADE3-BE8B1EB78C94}.Release|x86.ActiveCfg = Release|Any CPU
		{FA213D4C-7F3E-4991-ADE3-BE8B1EB78C94}.Release|x86.Build.0 = Release|Any CPU
		{F557F680-BF8E-4492-B099-480999F928A1}.Debug|Any CPU.ActiveCfg = Debug|Any CPU
		{F557F680-BF8E-4492-B099-480999F928A1}.Debug|Any CPU.Build.0 = Debug|Any CPU
		{F557F680-BF8E-4492-B099-480999F928A1}.Debug|x64.ActiveCfg = Debug|Any CPU
		{F557F680-BF8E-4492-B099-480999F928A1}.Debug|x64.Build.0 = Debug|Any CPU
		{F557F680-BF8E-4492-B099-480999F928A1}.Debug|x86.ActiveCfg = Debug|Any CPU
		{F557F680-BF8E-4492-B099-480999F928A1}.Debug|x86.Build.0 = Debug|Any CPU
		{F557F680-BF8E-4492-B099-480999F928A1}.Release|Any CPU.ActiveCfg = Release|Any CPU
		{F557F680-BF8E-4492-B099-480999F928A1}.Release|Any CPU.Build.0 = Release|Any CPU
		{F557F680-BF8E-4492-B099-480999F928A1}.Release|x64.ActiveCfg = Release|Any CPU
		{F557F680-BF8E-4492-B099-480999F928A1}.Release|x64.Build.0 = Release|Any CPU
		{F557F680-BF8E-4492-B099-480999F928A1}.Release|x86.ActiveCfg = Release|Any CPU
		{F557F680-BF8E-4492-B099-480999F928A1}.Release|x86.Build.0 = Release|Any CPU
		{EDF14CF4-8217-49ED-8A41-E2851E85CE1D}.Debug|Any CPU.ActiveCfg = Debug|Any CPU
		{EDF14CF4-8217-49ED-8A41-E2851E85CE1D}.Debug|Any CPU.Build.0 = Debug|Any CPU
		{EDF14CF4-8217-49ED-8A41-E2851E85CE1D}.Debug|x64.ActiveCfg = Debug|Any CPU
		{EDF14CF4-8217-49ED-8A41-E2851E85CE1D}.Debug|x64.Build.0 = Debug|Any CPU
		{EDF14CF4-8217-49ED-8A41-E2851E85CE1D}.Debug|x86.ActiveCfg = Debug|Any CPU
		{EDF14CF4-8217-49ED-8A41-E2851E85CE1D}.Debug|x86.Build.0 = Debug|Any CPU
		{EDF14CF4-8217-49ED-8A41-E2851E85CE1D}.Release|Any CPU.ActiveCfg = Release|Any CPU
		{EDF14CF4-8217-49ED-8A41-E2851E85CE1D}.Release|Any CPU.Build.0 = Release|Any CPU
		{EDF14CF4-8217-49ED-8A41-E2851E85CE1D}.Release|x64.ActiveCfg = Release|Any CPU
		{EDF14CF4-8217-49ED-8A41-E2851E85CE1D}.Release|x64.Build.0 = Release|Any CPU
		{EDF14CF4-8217-49ED-8A41-E2851E85CE1D}.Release|x86.ActiveCfg = Release|Any CPU
		{EDF14CF4-8217-49ED-8A41-E2851E85CE1D}.Release|x86.Build.0 = Release|Any CPU
		{77BB08E3-FD87-4E4D-AEC3-916DC6CEFAB2}.Debug|Any CPU.ActiveCfg = Debug|Any CPU
		{77BB08E3-FD87-4E4D-AEC3-916DC6CEFAB2}.Debug|Any CPU.Build.0 = Debug|Any CPU
		{77BB08E3-FD87-4E4D-AEC3-916DC6CEFAB2}.Debug|x64.ActiveCfg = Debug|Any CPU
		{77BB08E3-FD87-4E4D-AEC3-916DC6CEFAB2}.Debug|x64.Build.0 = Debug|Any CPU
		{77BB08E3-FD87-4E4D-AEC3-916DC6CEFAB2}.Debug|x86.ActiveCfg = Debug|Any CPU
		{77BB08E3-FD87-4E4D-AEC3-916DC6CEFAB2}.Debug|x86.Build.0 = Debug|Any CPU
		{77BB08E3-FD87-4E4D-AEC3-916DC6CEFAB2}.Release|Any CPU.ActiveCfg = Release|Any CPU
		{77BB08E3-FD87-4E4D-AEC3-916DC6CEFAB2}.Release|Any CPU.Build.0 = Release|Any CPU
		{77BB08E3-FD87-4E4D-AEC3-916DC6CEFAB2}.Release|x64.ActiveCfg = Release|Any CPU
		{77BB08E3-FD87-4E4D-AEC3-916DC6CEFAB2}.Release|x64.Build.0 = Release|Any CPU
		{77BB08E3-FD87-4E4D-AEC3-916DC6CEFAB2}.Release|x86.ActiveCfg = Release|Any CPU
		{77BB08E3-FD87-4E4D-AEC3-916DC6CEFAB2}.Release|x86.Build.0 = Release|Any CPU
		{528FDBE6-6067-40A5-BEF4-3713CF35B998}.Debug|Any CPU.ActiveCfg = Debug|Any CPU
		{528FDBE6-6067-40A5-BEF4-3713CF35B998}.Debug|Any CPU.Build.0 = Debug|Any CPU
		{528FDBE6-6067-40A5-BEF4-3713CF35B998}.Debug|x64.ActiveCfg = Debug|Any CPU
		{528FDBE6-6067-40A5-BEF4-3713CF35B998}.Debug|x64.Build.0 = Debug|Any CPU
		{528FDBE6-6067-40A5-BEF4-3713CF35B998}.Debug|x86.ActiveCfg = Debug|Any CPU
		{528FDBE6-6067-40A5-BEF4-3713CF35B998}.Debug|x86.Build.0 = Debug|Any CPU
		{528FDBE6-6067-40A5-BEF4-3713CF35B998}.Release|Any CPU.ActiveCfg = Release|Any CPU
		{528FDBE6-6067-40A5-BEF4-3713CF35B998}.Release|Any CPU.Build.0 = Release|Any CPU
		{528FDBE6-6067-40A5-BEF4-3713CF35B998}.Release|x64.ActiveCfg = Release|Any CPU
		{528FDBE6-6067-40A5-BEF4-3713CF35B998}.Release|x64.Build.0 = Release|Any CPU
		{528FDBE6-6067-40A5-BEF4-3713CF35B998}.Release|x86.ActiveCfg = Release|Any CPU
		{528FDBE6-6067-40A5-BEF4-3713CF35B998}.Release|x86.Build.0 = Release|Any CPU
		{D628CC2E-DC8C-4259-B455-AE5F6A0290E4}.Debug|Any CPU.ActiveCfg = Debug|Any CPU
		{D628CC2E-DC8C-4259-B455-AE5F6A0290E4}.Debug|Any CPU.Build.0 = Debug|Any CPU
		{D628CC2E-DC8C-4259-B455-AE5F6A0290E4}.Debug|x64.ActiveCfg = Debug|Any CPU
		{D628CC2E-DC8C-4259-B455-AE5F6A0290E4}.Debug|x64.Build.0 = Debug|Any CPU
		{D628CC2E-DC8C-4259-B455-AE5F6A0290E4}.Debug|x86.ActiveCfg = Debug|Any CPU
		{D628CC2E-DC8C-4259-B455-AE5F6A0290E4}.Debug|x86.Build.0 = Debug|Any CPU
		{D628CC2E-DC8C-4259-B455-AE5F6A0290E4}.Release|Any CPU.ActiveCfg = Release|Any CPU
		{D628CC2E-DC8C-4259-B455-AE5F6A0290E4}.Release|Any CPU.Build.0 = Release|Any CPU
		{D628CC2E-DC8C-4259-B455-AE5F6A0290E4}.Release|x64.ActiveCfg = Release|Any CPU
		{D628CC2E-DC8C-4259-B455-AE5F6A0290E4}.Release|x64.Build.0 = Release|Any CPU
		{D628CC2E-DC8C-4259-B455-AE5F6A0290E4}.Release|x86.ActiveCfg = Release|Any CPU
		{D628CC2E-DC8C-4259-B455-AE5F6A0290E4}.Release|x86.Build.0 = Release|Any CPU
	EndGlobalSection
	GlobalSection(SolutionProperties) = preSolution
		HideSolutionNode = FALSE
	EndGlobalSection
	GlobalSection(NestedProjects) = preSolution
		{A0CC8A1A-A399-478D-A8EC-E7B3FD3C4AED} = {E539D83D-6F08-496B-8BDF-F0FB58E0E7B8}
		{F8F536D7-CFD1-4F46-890B-F53AEF11216A} = {E539D83D-6F08-496B-8BDF-F0FB58E0E7B8}
		{DE963BFD-054A-49EA-A389-F3FF5843B122} = {AC94B7DB-A1FB-4E0D-9330-F13F348CD5C3}
		{7B944D10-A498-4F26-98D3-1228F7D25043} = {0D375AC8-B343-43E2-8E5E-17E1C8DFB0B0}
		{7E3039C8-E356-4C20-93CC-2F395F82F11F} = {F2A2946C-C5AB-4804-ADCE-58B4F6EDFEF4}
		{ECE601B0-D016-4F2F-B511-EC353B4C9E6C} = {F2A2946C-C5AB-4804-ADCE-58B4F6EDFEF4}
		{EA7CC5F6-ED7B-4483-9B90-1E06F9128D38} = {F2A2946C-C5AB-4804-ADCE-58B4F6EDFEF4}
		{E449C9B2-F60D-457D-B2F7-A31058513C88} = {F2A2946C-C5AB-4804-ADCE-58B4F6EDFEF4}
		{D83C8645-EB14-481F-81AE-C69623245C24} = {0D375AC8-B343-43E2-8E5E-17E1C8DFB0B0}
		{D829CE72-1B6E-421F-8ED9-C4D24DD3CCC7} = {F2A2946C-C5AB-4804-ADCE-58B4F6EDFEF4}
		{B28ED1BF-ECA6-4334-998B-A7674D509DC6} = {F2A2946C-C5AB-4804-ADCE-58B4F6EDFEF4}
		{6745AC86-43C3-4B48-8B7F-55A338B3B18C} = {0D375AC8-B343-43E2-8E5E-17E1C8DFB0B0}
		{EE8E9FF2-9826-41C2-9219-04B446EBBEA2} = {F2A2946C-C5AB-4804-ADCE-58B4F6EDFEF4}
		{FA213D4C-7F3E-4991-ADE3-BE8B1EB78C94} = {0D375AC8-B343-43E2-8E5E-17E1C8DFB0B0}
		{2B7F5B21-A35E-4063-9EBD-21DE132E2761} = {CE0F794D-DBA3-4983-B4A3-B8622D2A0AB5}
		{E539D83D-6F08-496B-8BDF-F0FB58E0E7B8} = {AC94B7DB-A1FB-4E0D-9330-F13F348CD5C3}
		{F557F680-BF8E-4492-B099-480999F928A1} = {F2A2946C-C5AB-4804-ADCE-58B4F6EDFEF4}
		{EDF14CF4-8217-49ED-8A41-E2851E85CE1D} = {0D375AC8-B343-43E2-8E5E-17E1C8DFB0B0}
		{77BB08E3-FD87-4E4D-AEC3-916DC6CEFAB2} = {F2A2946C-C5AB-4804-ADCE-58B4F6EDFEF4}
		{528FDBE6-6067-40A5-BEF4-3713CF35B998} = {0D375AC8-B343-43E2-8E5E-17E1C8DFB0B0}
		{D628CC2E-DC8C-4259-B455-AE5F6A0290E4} = {F2A2946C-C5AB-4804-ADCE-58B4F6EDFEF4}
	EndGlobalSection
	GlobalSection(ExtensibilityGlobals) = postSolution
		SolutionGuid = {902FB14E-0D74-426E-BDE2-8A4F1ABAF694}
	EndGlobalSection
EndGlobal
