
Microsoft Visual Studio Solution File, Format Version 12.00
# Visual Studio 15
VisualStudioVersion = 15.0.27428.2027
MinimumVisualStudioVersion = 10.0.40219.1
Project("{FAE04EC0-301F-11D3-BF4B-00C04F79EFBC}") = "StatsDownload.TestHarness", "StatsDownload.TestHarness\StatsDownload.TestHarness.csproj", "{A0CC8A1A-A399-478D-A8EC-E7B3FD3C4AED}"
EndProject
Project("{FAE04EC0-301F-11D3-BF4B-00C04F79EFBC}") = "StatsDownload.FileServer.TestHarness", "StatsDownload.FileServer.TestHarness\StatsDownload.FileServer.TestHarness.csproj", "{F8F536D7-CFD1-4F46-890B-F53AEF11216A}"
EndProject
Project("{9A19103F-16F7-4668-BE54-9A1E7A4F7556}") = "StatsDownload.Core.Interfaces", "StatsDownload.Core.Interfaces\StatsDownload.Core.Interfaces.csproj", "{9385A349-8796-4473-A3E0-EDFE3AFEEDE9}"
EndProject
Project("{9A19103F-16F7-4668-BE54-9A1E7A4F7556}") = "StatsDownload.FileDownload.Console", "StatsDownload.FileDownload.Console\StatsDownload.FileDownload.Console.csproj", "{DE963BFD-054A-49EA-A389-F3FF5843B122}"
EndProject
Project("{9A19103F-16F7-4668-BE54-9A1E7A4F7556}") = "StatsDownload.StatsUpload.Console", "StatsDownload.StatsUpload.Console\StatsDownload.StatsUpload.Console.csproj", "{D35DB992-D67B-4312-96D2-1BA32ED0A96F}"
EndProject
Project("{9A19103F-16F7-4668-BE54-9A1E7A4F7556}") = "StatsDownload.Core", "StatsDownload.Core\StatsDownload.Core.csproj", "{9C2C5AA3-9E2C-4A2F-97E3-081633B83F6D}"
EndProject
Project("{9A19103F-16F7-4668-BE54-9A1E7A4F7556}") = "StatsDownload.SharpZipLib", "StatsDownload.SharpZipLib\StatsDownload.SharpZipLib.csproj", "{C37684C9-D044-4D42-B10F-3D670A95293E}"
EndProject
Project("{9A19103F-16F7-4668-BE54-9A1E7A4F7556}") = "StatsDownload.Email", "StatsDownload.Email\StatsDownload.Email.csproj", "{8098BF8B-6DE5-4F35-8C5B-F0296FDE5CD0}"
EndProject
Project("{9A19103F-16F7-4668-BE54-9A1E7A4F7556}") = "StatsDownload.Logging", "StatsDownload.Logging\StatsDownload.Logging.csproj", "{C1736684-1DED-4D9B-848E-CD857E9478F5}"
EndProject
Project("{9A19103F-16F7-4668-BE54-9A1E7A4F7556}") = "StatsDownload.Core.Tests", "StatsDownload.Core.Tests\StatsDownload.Core.Tests.csproj", "{7B944D10-A498-4F26-98D3-1228F7D25043}"
EndProject
Project("{9A19103F-16F7-4668-BE54-9A1E7A4F7556}") = "StatsDownload.Email.Tests", "StatsDownload.Email.Tests\StatsDownload.Email.Tests.csproj", "{DA2D20B6-2A19-4CDD-8CF8-61C44F2BE62A}"
EndProject
Project("{9A19103F-16F7-4668-BE54-9A1E7A4F7556}") = "StatsDownload.Logging.Tests", "StatsDownload.Logging.Tests\StatsDownload.Logging.Tests.csproj", "{0ABFAC12-F9D3-4906-98F6-587E6322D8B6}"
EndProject
Project("{9A19103F-16F7-4668-BE54-9A1E7A4F7556}") = "StatsDownload.Extensions", "..\Shared\StatsDownload.Extensions\StatsDownload.Extensions.csproj", "{7E3039C8-E356-4C20-93CC-2F395F82F11F}"
EndProject
Project("{9A19103F-16F7-4668-BE54-9A1E7A4F7556}") = "StatsDownload.Database", "..\Shared\StatsDownload.Database\StatsDownload.Database.csproj", "{ECE601B0-D016-4F2F-B511-EC353B4C9E6C}"
EndProject
Project("{9A19103F-16F7-4668-BE54-9A1E7A4F7556}") = "StatsDownload.Database.CastleWindsor", "..\Shared\StatsDownload.Database.CastleWindsor\StatsDownload.Database.CastleWindsor.csproj", "{EA7CC5F6-ED7B-4483-9B90-1E06F9128D38}"
EndProject
Project("{FAE04EC0-301F-11D3-BF4B-00C04F79EFBC}") = "StatsDownload.Database.Tests", "StatsDownload.Database.Tests\StatsDownload.Database.Tests.csproj", "{6C4969CD-3D28-45FA-AD19-EC7D3129694B}"
EndProject
Project("{FAE04EC0-301F-11D3-BF4B-00C04F79EFBC}") = "StatsDownload.Wrappers", "..\Shared\StatsDownload.Wrappers\StatsDownload.Wrappers.csproj", "{E449C9B2-F60D-457D-B2F7-A31058513C88}"
EndProject
Global
	GlobalSection(SolutionConfigurationPlatforms) = preSolution
		Debug|Any CPU = Debug|Any CPU
		Release|Any CPU = Release|Any CPU
	EndGlobalSection
	GlobalSection(ProjectConfigurationPlatforms) = postSolution
		{A0CC8A1A-A399-478D-A8EC-E7B3FD3C4AED}.Debug|Any CPU.ActiveCfg = Debug|Any CPU
		{A0CC8A1A-A399-478D-A8EC-E7B3FD3C4AED}.Debug|Any CPU.Build.0 = Debug|Any CPU
		{A0CC8A1A-A399-478D-A8EC-E7B3FD3C4AED}.Release|Any CPU.ActiveCfg = Release|Any CPU
		{A0CC8A1A-A399-478D-A8EC-E7B3FD3C4AED}.Release|Any CPU.Build.0 = Release|Any CPU
		{F8F536D7-CFD1-4F46-890B-F53AEF11216A}.Debug|Any CPU.ActiveCfg = Debug|Any CPU
		{F8F536D7-CFD1-4F46-890B-F53AEF11216A}.Debug|Any CPU.Build.0 = Debug|Any CPU
		{F8F536D7-CFD1-4F46-890B-F53AEF11216A}.Release|Any CPU.ActiveCfg = Release|Any CPU
		{F8F536D7-CFD1-4F46-890B-F53AEF11216A}.Release|Any CPU.Build.0 = Release|Any CPU
		{9385A349-8796-4473-A3E0-EDFE3AFEEDE9}.Debug|Any CPU.ActiveCfg = Debug|Any CPU
		{9385A349-8796-4473-A3E0-EDFE3AFEEDE9}.Debug|Any CPU.Build.0 = Debug|Any CPU
		{9385A349-8796-4473-A3E0-EDFE3AFEEDE9}.Release|Any CPU.ActiveCfg = Release|Any CPU
		{9385A349-8796-4473-A3E0-EDFE3AFEEDE9}.Release|Any CPU.Build.0 = Release|Any CPU
		{DE963BFD-054A-49EA-A389-F3FF5843B122}.Debug|Any CPU.ActiveCfg = Debug|Any CPU
		{DE963BFD-054A-49EA-A389-F3FF5843B122}.Debug|Any CPU.Build.0 = Debug|Any CPU
		{DE963BFD-054A-49EA-A389-F3FF5843B122}.Release|Any CPU.ActiveCfg = Release|Any CPU
		{DE963BFD-054A-49EA-A389-F3FF5843B122}.Release|Any CPU.Build.0 = Release|Any CPU
		{D35DB992-D67B-4312-96D2-1BA32ED0A96F}.Debug|Any CPU.ActiveCfg = Debug|Any CPU
		{D35DB992-D67B-4312-96D2-1BA32ED0A96F}.Debug|Any CPU.Build.0 = Debug|Any CPU
		{D35DB992-D67B-4312-96D2-1BA32ED0A96F}.Release|Any CPU.ActiveCfg = Release|Any CPU
		{D35DB992-D67B-4312-96D2-1BA32ED0A96F}.Release|Any CPU.Build.0 = Release|Any CPU
		{9C2C5AA3-9E2C-4A2F-97E3-081633B83F6D}.Debug|Any CPU.ActiveCfg = Debug|Any CPU
		{9C2C5AA3-9E2C-4A2F-97E3-081633B83F6D}.Debug|Any CPU.Build.0 = Debug|Any CPU
		{9C2C5AA3-9E2C-4A2F-97E3-081633B83F6D}.Release|Any CPU.ActiveCfg = Release|Any CPU
		{9C2C5AA3-9E2C-4A2F-97E3-081633B83F6D}.Release|Any CPU.Build.0 = Release|Any CPU
		{C37684C9-D044-4D42-B10F-3D670A95293E}.Debug|Any CPU.ActiveCfg = Debug|Any CPU
		{C37684C9-D044-4D42-B10F-3D670A95293E}.Debug|Any CPU.Build.0 = Debug|Any CPU
		{C37684C9-D044-4D42-B10F-3D670A95293E}.Release|Any CPU.ActiveCfg = Release|Any CPU
		{C37684C9-D044-4D42-B10F-3D670A95293E}.Release|Any CPU.Build.0 = Release|Any CPU
		{8098BF8B-6DE5-4F35-8C5B-F0296FDE5CD0}.Debug|Any CPU.ActiveCfg = Debug|Any CPU
		{8098BF8B-6DE5-4F35-8C5B-F0296FDE5CD0}.Debug|Any CPU.Build.0 = Debug|Any CPU
		{8098BF8B-6DE5-4F35-8C5B-F0296FDE5CD0}.Release|Any CPU.ActiveCfg = Release|Any CPU
		{8098BF8B-6DE5-4F35-8C5B-F0296FDE5CD0}.Release|Any CPU.Build.0 = Release|Any CPU
		{C1736684-1DED-4D9B-848E-CD857E9478F5}.Debug|Any CPU.ActiveCfg = Debug|Any CPU
		{C1736684-1DED-4D9B-848E-CD857E9478F5}.Debug|Any CPU.Build.0 = Debug|Any CPU
		{C1736684-1DED-4D9B-848E-CD857E9478F5}.Release|Any CPU.ActiveCfg = Release|Any CPU
		{C1736684-1DED-4D9B-848E-CD857E9478F5}.Release|Any CPU.Build.0 = Release|Any CPU
		{7B944D10-A498-4F26-98D3-1228F7D25043}.Debug|Any CPU.ActiveCfg = Debug|Any CPU
		{7B944D10-A498-4F26-98D3-1228F7D25043}.Debug|Any CPU.Build.0 = Debug|Any CPU
		{7B944D10-A498-4F26-98D3-1228F7D25043}.Release|Any CPU.ActiveCfg = Release|Any CPU
		{7B944D10-A498-4F26-98D3-1228F7D25043}.Release|Any CPU.Build.0 = Release|Any CPU
		{DA2D20B6-2A19-4CDD-8CF8-61C44F2BE62A}.Debug|Any CPU.ActiveCfg = Debug|Any CPU
		{DA2D20B6-2A19-4CDD-8CF8-61C44F2BE62A}.Debug|Any CPU.Build.0 = Debug|Any CPU
		{DA2D20B6-2A19-4CDD-8CF8-61C44F2BE62A}.Release|Any CPU.ActiveCfg = Release|Any CPU
		{DA2D20B6-2A19-4CDD-8CF8-61C44F2BE62A}.Release|Any CPU.Build.0 = Release|Any CPU
		{0ABFAC12-F9D3-4906-98F6-587E6322D8B6}.Debug|Any CPU.ActiveCfg = Debug|Any CPU
		{0ABFAC12-F9D3-4906-98F6-587E6322D8B6}.Debug|Any CPU.Build.0 = Debug|Any CPU
		{0ABFAC12-F9D3-4906-98F6-587E6322D8B6}.Release|Any CPU.ActiveCfg = Release|Any CPU
		{0ABFAC12-F9D3-4906-98F6-587E6322D8B6}.Release|Any CPU.Build.0 = Release|Any CPU
		{7E3039C8-E356-4C20-93CC-2F395F82F11F}.Debug|Any CPU.ActiveCfg = Debug|Any CPU
		{7E3039C8-E356-4C20-93CC-2F395F82F11F}.Debug|Any CPU.Build.0 = Debug|Any CPU
		{7E3039C8-E356-4C20-93CC-2F395F82F11F}.Release|Any CPU.ActiveCfg = Release|Any CPU
		{7E3039C8-E356-4C20-93CC-2F395F82F11F}.Release|Any CPU.Build.0 = Release|Any CPU
		{ECE601B0-D016-4F2F-B511-EC353B4C9E6C}.Debug|Any CPU.ActiveCfg = Debug|Any CPU
		{ECE601B0-D016-4F2F-B511-EC353B4C9E6C}.Debug|Any CPU.Build.0 = Debug|Any CPU
		{ECE601B0-D016-4F2F-B511-EC353B4C9E6C}.Release|Any CPU.ActiveCfg = Release|Any CPU
		{ECE601B0-D016-4F2F-B511-EC353B4C9E6C}.Release|Any CPU.Build.0 = Release|Any CPU
		{EA7CC5F6-ED7B-4483-9B90-1E06F9128D38}.Debug|Any CPU.ActiveCfg = Debug|Any CPU
		{EA7CC5F6-ED7B-4483-9B90-1E06F9128D38}.Debug|Any CPU.Build.0 = Debug|Any CPU
		{EA7CC5F6-ED7B-4483-9B90-1E06F9128D38}.Release|Any CPU.ActiveCfg = Release|Any CPU
		{EA7CC5F6-ED7B-4483-9B90-1E06F9128D38}.Release|Any CPU.Build.0 = Release|Any CPU
		{6C4969CD-3D28-45FA-AD19-EC7D3129694B}.Debug|Any CPU.ActiveCfg = Debug|Any CPU
		{6C4969CD-3D28-45FA-AD19-EC7D3129694B}.Debug|Any CPU.Build.0 = Debug|Any CPU
		{6C4969CD-3D28-45FA-AD19-EC7D3129694B}.Release|Any CPU.ActiveCfg = Release|Any CPU
		{6C4969CD-3D28-45FA-AD19-EC7D3129694B}.Release|Any CPU.Build.0 = Release|Any CPU
		{E449C9B2-F60D-457D-B2F7-A31058513C88}.Debug|Any CPU.ActiveCfg = Debug|Any CPU
		{E449C9B2-F60D-457D-B2F7-A31058513C88}.Debug|Any CPU.Build.0 = Debug|Any CPU
		{E449C9B2-F60D-457D-B2F7-A31058513C88}.Release|Any CPU.ActiveCfg = Release|Any CPU
		{E449C9B2-F60D-457D-B2F7-A31058513C88}.Release|Any CPU.Build.0 = Release|Any CPU
	EndGlobalSection
	GlobalSection(SolutionProperties) = preSolution
		HideSolutionNode = FALSE
	EndGlobalSection
	GlobalSection(ExtensibilityGlobals) = postSolution
		SolutionGuid = {902FB14E-0D74-426E-BDE2-8A4F1ABAF694}
	EndGlobalSection
EndGlobal
