
Microsoft Visual Studio Solution File, Format Version 12.00
# Visual Studio 15
VisualStudioVersion = 15.0.27703.2026
MinimumVisualStudioVersion = 10.0.40219.1
Project("{9A19103F-16F7-4668-BE54-9A1E7A4F7556}") = "StatsDownloadApi.Core", "StatsDownloadApi.Core\StatsDownloadApi.Core.csproj", "{6252FD46-3B1B-460F-96CC-545AE7CC676F}"
EndProject
Project("{9A19103F-16F7-4668-BE54-9A1E7A4F7556}") = "StatsDownloadApi.Core.Tests", "StatsDownloadApi.Core.Tests\StatsDownloadApi.Core.Tests.csproj", "{2FC30069-3821-4542-88CF-6D6D7BDB269A}"
EndProject
Project("{9A19103F-16F7-4668-BE54-9A1E7A4F7556}") = "StatsDownloadApi.WebApi", "StatsDownloadApi.WebApi\StatsDownloadApi.WebApi.csproj", "{47E81FBC-80AD-4B8E-BFBA-CB13C333CDC9}"
EndProject
Project("{9A19103F-16F7-4668-BE54-9A1E7A4F7556}") = "StatsDownload.Extensions", "..\Shared\StatsDownload.Extensions\StatsDownload.Extensions.csproj", "{048A0FBC-58C4-4AA3-A6BF-565591DCB085}"
EndProject
Project("{9A19103F-16F7-4668-BE54-9A1E7A4F7556}") = "StatsDownload.Database", "..\Shared\StatsDownload.Database\StatsDownload.Database.csproj", "{38C3DB41-1BBE-4DB6-9B6A-70A9DD4035AB}"
EndProject
Project("{9A19103F-16F7-4668-BE54-9A1E7A4F7556}") = "StatsDownload.Database.CastleWindsor", "..\Shared\StatsDownload.Database.CastleWindsor\StatsDownload.Database.CastleWindsor.csproj", "{872408A3-9839-4295-A6AB-E79D54687F8A}"
EndProject
Project("{9A19103F-16F7-4668-BE54-9A1E7A4F7556}") = "StatsDownload.Wrappers", "..\Shared\StatsDownload.Wrappers\StatsDownload.Wrappers.csproj", "{545BE106-EDA6-4F8D-A868-7175C53F9065}"
EndProject
Project("{9A19103F-16F7-4668-BE54-9A1E7A4F7556}") = "StatsDownload.Database.Tests", "..\Shared\StatsDownload.Database.Tests\StatsDownload.Database.Tests.csproj", "{0D3DE2AA-0632-43EA-B6F9-393E53CC2531}"
EndProject
Project("{9A19103F-16F7-4668-BE54-9A1E7A4F7556}") = "StatsDownload.Core.Interfaces", "..\Shared\StatsDownload.Core.Interfaces\StatsDownload.Core.Interfaces.csproj", "{D3119AC5-B9A7-4C01-A038-748086106519}"
EndProject
Project("{9A19103F-16F7-4668-BE54-9A1E7A4F7556}") = "StatsDownload.Logging", "..\Shared\StatsDownload.Logging\StatsDownload.Logging.csproj", "{7BC613CA-1788-4958-A1FD-5D0D5DE27BB5}"
EndProject
Project("{9A19103F-16F7-4668-BE54-9A1E7A4F7556}") = "StatsDownload.Logging.Tests", "..\Shared\StatsDownload.Logging.Tests\StatsDownload.Logging.Tests.csproj", "{6C46D4D2-B9DE-4A26-8A39-D094EDE16C1E}"
EndProject
Project("{9A19103F-16F7-4668-BE54-9A1E7A4F7556}") = "StatsDownloadApi.Interfaces", "StatsDownloadApi.Interfaces\StatsDownloadApi.Interfaces.csproj", "{3B1D764D-B9E6-464C-8460-DF4CEA07E67B}"
EndProject
Project("{9A19103F-16F7-4668-BE54-9A1E7A4F7556}") = "StatsDownloadApi.Database", "StatsDownloadApi.Database\StatsDownloadApi.Database.csproj", "{1A43A16D-465E-4F64-94E1-03C4933E767A}"
EndProject
Project("{9A19103F-16F7-4668-BE54-9A1E7A4F7556}") = "StatsDownloadApi.Database.Tests", "StatsDownloadApi.Database.Tests\StatsDownloadApi.Database.Tests.csproj", "{9A451861-9E61-4312-A61D-7E4F08FD9FDC}"
EndProject
Project("{9A19103F-16F7-4668-BE54-9A1E7A4F7556}") = "StatsDownload.Email", "..\Shared\StatsDownload.Email\StatsDownload.Email.csproj", "{390FD1BE-5ABB-48F9-8543-762B6B915011}"
EndProject
Project("{9A19103F-16F7-4668-BE54-9A1E7A4F7556}") = "StatsDownload.Email.Tests", "..\Shared\StatsDownload.Email.Tests\StatsDownload.Email.Tests.csproj", "{0DF513BF-45CB-43E0-998D-511C36B396AE}"
EndProject
Project("{2150E333-8FDC-42A3-9474-1A3956D46DE8}") = "DatabaseScripts", "DatabaseScripts", "{422CBC12-CC7E-4E3B-936A-A19DE5F310E2}"
EndProject
Project("{2150E333-8FDC-42A3-9474-1A3956D46DE8}") = "V2", "V2", "{64B2AAB0-86DF-412D-90CF-010319F3E7D1}"
	ProjectSection(SolutionItems) = preProject
		..\Database\V2\RunningStatsDownloadV2.sql = ..\Database\V2\RunningStatsDownloadV2.sql
		..\Database\V2\StatsApiStoredProceduresV2.SQL = ..\Database\V2\StatsApiStoredProceduresV2.SQL
		..\Database\V2\StatsDownloaderStoredProceduresV2.sql = ..\Database\V2\StatsDownloaderStoredProceduresV2.sql
		..\Database\V2\StatsDownloadSchemaV2.sql = ..\Database\V2\StatsDownloadSchemaV2.sql
	EndProjectSection
EndProject
Project("{9A19103F-16F7-4668-BE54-9A1E7A4F7556}") = "StatsDownload.DataStore", "..\Shared\StatsDownload.DataStore\StatsDownload.DataStore.csproj", "{9802451D-B87B-484D-9A08-99DC6EC9E609}"
EndProject
Project("{9A19103F-16F7-4668-BE54-9A1E7A4F7556}") = "StatsDownload.DataStore.Tests", "..\Shared\StatsDownload.DataStore.Tests\StatsDownload.DataStore.Tests.csproj", "{8BD9EF02-AA7B-4CD3-A1D5-B9CA58D6D35C}"
EndProject
Project("{2150E333-8FDC-42A3-9474-1A3956D46DE8}") = "Apps", "Apps", "{0D2D5E26-8F3C-4295-BC2F-389F188A130B}"
EndProject
Project("{2150E333-8FDC-42A3-9474-1A3956D46DE8}") = "Tests", "Tests", "{DA6DC0B9-25C3-4037-86E8-DEB86B026AD3}"
EndProject
Project("{9A19103F-16F7-4668-BE54-9A1E7A4F7556}") = "StatsDownloadApi.DataStore", "StatsDownloadApi.DataStore\StatsDownloadApi.DataStore.csproj", "{8EF1A460-9A50-4902-99E4-7E35E72D3EDD}"
EndProject
Project("{9A19103F-16F7-4668-BE54-9A1E7A4F7556}") = "StatsDownloadApi.DataStore.Tests", "StatsDownloadApi.DataStore.Tests\StatsDownloadApi.DataStore.Tests.csproj", "{50D2D442-F3E5-45A3-9D26-622582BA8F4F}"
EndProject
Project("{9A19103F-16F7-4668-BE54-9A1E7A4F7556}") = "StatsDownload.Parsing.Tests", "..\Shared\StatsDownload.Parsing.Tests\StatsDownload.Parsing.Tests.csproj", "{747FD8C9-0C27-4179-B145-2D997584D182}"
EndProject
Project("{9A19103F-16F7-4668-BE54-9A1E7A4F7556}") = "StatsDownload.Parsing", "..\Shared\StatsDownload.Parsing\StatsDownload.Parsing.csproj", "{E69907F2-CA26-43F1-AB82-2E5A9D8A7015}"
EndProject
Project("{2150E333-8FDC-42A3-9474-1A3956D46DE8}") = "Shared", "Shared", "{8BAB7679-CD10-474A-ABF2-438A7E2D4DE9}"
EndProject
Global
	GlobalSection(SolutionConfigurationPlatforms) = preSolution
		Debug|Any CPU = Debug|Any CPU
		Release|Any CPU = Release|Any CPU
	EndGlobalSection
	GlobalSection(ProjectConfigurationPlatforms) = postSolution
		{6252FD46-3B1B-460F-96CC-545AE7CC676F}.Debug|Any CPU.ActiveCfg = Debug|Any CPU
		{6252FD46-3B1B-460F-96CC-545AE7CC676F}.Debug|Any CPU.Build.0 = Debug|Any CPU
		{6252FD46-3B1B-460F-96CC-545AE7CC676F}.Release|Any CPU.ActiveCfg = Release|Any CPU
		{6252FD46-3B1B-460F-96CC-545AE7CC676F}.Release|Any CPU.Build.0 = Release|Any CPU
		{2FC30069-3821-4542-88CF-6D6D7BDB269A}.Debug|Any CPU.ActiveCfg = Debug|Any CPU
		{2FC30069-3821-4542-88CF-6D6D7BDB269A}.Debug|Any CPU.Build.0 = Debug|Any CPU
		{2FC30069-3821-4542-88CF-6D6D7BDB269A}.Release|Any CPU.ActiveCfg = Release|Any CPU
		{2FC30069-3821-4542-88CF-6D6D7BDB269A}.Release|Any CPU.Build.0 = Release|Any CPU
		{47E81FBC-80AD-4B8E-BFBA-CB13C333CDC9}.Debug|Any CPU.ActiveCfg = Debug|Any CPU
		{47E81FBC-80AD-4B8E-BFBA-CB13C333CDC9}.Debug|Any CPU.Build.0 = Debug|Any CPU
		{47E81FBC-80AD-4B8E-BFBA-CB13C333CDC9}.Release|Any CPU.ActiveCfg = Release|Any CPU
		{47E81FBC-80AD-4B8E-BFBA-CB13C333CDC9}.Release|Any CPU.Build.0 = Release|Any CPU
		{048A0FBC-58C4-4AA3-A6BF-565591DCB085}.Debug|Any CPU.ActiveCfg = Debug|Any CPU
		{048A0FBC-58C4-4AA3-A6BF-565591DCB085}.Debug|Any CPU.Build.0 = Debug|Any CPU
		{048A0FBC-58C4-4AA3-A6BF-565591DCB085}.Release|Any CPU.ActiveCfg = Release|Any CPU
		{048A0FBC-58C4-4AA3-A6BF-565591DCB085}.Release|Any CPU.Build.0 = Release|Any CPU
		{38C3DB41-1BBE-4DB6-9B6A-70A9DD4035AB}.Debug|Any CPU.ActiveCfg = Debug|Any CPU
		{38C3DB41-1BBE-4DB6-9B6A-70A9DD4035AB}.Debug|Any CPU.Build.0 = Debug|Any CPU
		{38C3DB41-1BBE-4DB6-9B6A-70A9DD4035AB}.Release|Any CPU.ActiveCfg = Release|Any CPU
		{38C3DB41-1BBE-4DB6-9B6A-70A9DD4035AB}.Release|Any CPU.Build.0 = Release|Any CPU
		{872408A3-9839-4295-A6AB-E79D54687F8A}.Debug|Any CPU.ActiveCfg = Debug|Any CPU
		{872408A3-9839-4295-A6AB-E79D54687F8A}.Debug|Any CPU.Build.0 = Debug|Any CPU
		{872408A3-9839-4295-A6AB-E79D54687F8A}.Release|Any CPU.ActiveCfg = Release|Any CPU
		{872408A3-9839-4295-A6AB-E79D54687F8A}.Release|Any CPU.Build.0 = Release|Any CPU
		{545BE106-EDA6-4F8D-A868-7175C53F9065}.Debug|Any CPU.ActiveCfg = Debug|Any CPU
		{545BE106-EDA6-4F8D-A868-7175C53F9065}.Debug|Any CPU.Build.0 = Debug|Any CPU
		{545BE106-EDA6-4F8D-A868-7175C53F9065}.Release|Any CPU.ActiveCfg = Release|Any CPU
		{545BE106-EDA6-4F8D-A868-7175C53F9065}.Release|Any CPU.Build.0 = Release|Any CPU
		{0D3DE2AA-0632-43EA-B6F9-393E53CC2531}.Debug|Any CPU.ActiveCfg = Debug|Any CPU
		{0D3DE2AA-0632-43EA-B6F9-393E53CC2531}.Debug|Any CPU.Build.0 = Debug|Any CPU
		{0D3DE2AA-0632-43EA-B6F9-393E53CC2531}.Release|Any CPU.ActiveCfg = Release|Any CPU
		{0D3DE2AA-0632-43EA-B6F9-393E53CC2531}.Release|Any CPU.Build.0 = Release|Any CPU
		{D3119AC5-B9A7-4C01-A038-748086106519}.Debug|Any CPU.ActiveCfg = Debug|Any CPU
		{D3119AC5-B9A7-4C01-A038-748086106519}.Debug|Any CPU.Build.0 = Debug|Any CPU
		{D3119AC5-B9A7-4C01-A038-748086106519}.Release|Any CPU.ActiveCfg = Release|Any CPU
		{D3119AC5-B9A7-4C01-A038-748086106519}.Release|Any CPU.Build.0 = Release|Any CPU
		{7BC613CA-1788-4958-A1FD-5D0D5DE27BB5}.Debug|Any CPU.ActiveCfg = Debug|Any CPU
		{7BC613CA-1788-4958-A1FD-5D0D5DE27BB5}.Debug|Any CPU.Build.0 = Debug|Any CPU
		{7BC613CA-1788-4958-A1FD-5D0D5DE27BB5}.Release|Any CPU.ActiveCfg = Release|Any CPU
		{7BC613CA-1788-4958-A1FD-5D0D5DE27BB5}.Release|Any CPU.Build.0 = Release|Any CPU
		{6C46D4D2-B9DE-4A26-8A39-D094EDE16C1E}.Debug|Any CPU.ActiveCfg = Debug|Any CPU
		{6C46D4D2-B9DE-4A26-8A39-D094EDE16C1E}.Debug|Any CPU.Build.0 = Debug|Any CPU
		{6C46D4D2-B9DE-4A26-8A39-D094EDE16C1E}.Release|Any CPU.ActiveCfg = Release|Any CPU
		{6C46D4D2-B9DE-4A26-8A39-D094EDE16C1E}.Release|Any CPU.Build.0 = Release|Any CPU
		{3B1D764D-B9E6-464C-8460-DF4CEA07E67B}.Debug|Any CPU.ActiveCfg = Debug|Any CPU
		{3B1D764D-B9E6-464C-8460-DF4CEA07E67B}.Debug|Any CPU.Build.0 = Debug|Any CPU
		{3B1D764D-B9E6-464C-8460-DF4CEA07E67B}.Release|Any CPU.ActiveCfg = Release|Any CPU
		{3B1D764D-B9E6-464C-8460-DF4CEA07E67B}.Release|Any CPU.Build.0 = Release|Any CPU
		{1A43A16D-465E-4F64-94E1-03C4933E767A}.Debug|Any CPU.ActiveCfg = Debug|Any CPU
		{1A43A16D-465E-4F64-94E1-03C4933E767A}.Debug|Any CPU.Build.0 = Debug|Any CPU
		{1A43A16D-465E-4F64-94E1-03C4933E767A}.Release|Any CPU.ActiveCfg = Release|Any CPU
		{1A43A16D-465E-4F64-94E1-03C4933E767A}.Release|Any CPU.Build.0 = Release|Any CPU
		{9A451861-9E61-4312-A61D-7E4F08FD9FDC}.Debug|Any CPU.ActiveCfg = Debug|Any CPU
		{9A451861-9E61-4312-A61D-7E4F08FD9FDC}.Debug|Any CPU.Build.0 = Debug|Any CPU
		{9A451861-9E61-4312-A61D-7E4F08FD9FDC}.Release|Any CPU.ActiveCfg = Release|Any CPU
		{9A451861-9E61-4312-A61D-7E4F08FD9FDC}.Release|Any CPU.Build.0 = Release|Any CPU
		{390FD1BE-5ABB-48F9-8543-762B6B915011}.Debug|Any CPU.ActiveCfg = Debug|Any CPU
		{390FD1BE-5ABB-48F9-8543-762B6B915011}.Debug|Any CPU.Build.0 = Debug|Any CPU
		{390FD1BE-5ABB-48F9-8543-762B6B915011}.Release|Any CPU.ActiveCfg = Release|Any CPU
		{390FD1BE-5ABB-48F9-8543-762B6B915011}.Release|Any CPU.Build.0 = Release|Any CPU
		{0DF513BF-45CB-43E0-998D-511C36B396AE}.Debug|Any CPU.ActiveCfg = Debug|Any CPU
		{0DF513BF-45CB-43E0-998D-511C36B396AE}.Debug|Any CPU.Build.0 = Debug|Any CPU
		{0DF513BF-45CB-43E0-998D-511C36B396AE}.Release|Any CPU.ActiveCfg = Release|Any CPU
		{0DF513BF-45CB-43E0-998D-511C36B396AE}.Release|Any CPU.Build.0 = Release|Any CPU
		{9802451D-B87B-484D-9A08-99DC6EC9E609}.Debug|Any CPU.ActiveCfg = Debug|Any CPU
		{9802451D-B87B-484D-9A08-99DC6EC9E609}.Debug|Any CPU.Build.0 = Debug|Any CPU
		{9802451D-B87B-484D-9A08-99DC6EC9E609}.Release|Any CPU.ActiveCfg = Release|Any CPU
		{9802451D-B87B-484D-9A08-99DC6EC9E609}.Release|Any CPU.Build.0 = Release|Any CPU
		{8BD9EF02-AA7B-4CD3-A1D5-B9CA58D6D35C}.Debug|Any CPU.ActiveCfg = Debug|Any CPU
		{8BD9EF02-AA7B-4CD3-A1D5-B9CA58D6D35C}.Debug|Any CPU.Build.0 = Debug|Any CPU
		{8BD9EF02-AA7B-4CD3-A1D5-B9CA58D6D35C}.Release|Any CPU.ActiveCfg = Release|Any CPU
		{8BD9EF02-AA7B-4CD3-A1D5-B9CA58D6D35C}.Release|Any CPU.Build.0 = Release|Any CPU
		{8EF1A460-9A50-4902-99E4-7E35E72D3EDD}.Debug|Any CPU.ActiveCfg = Debug|Any CPU
		{8EF1A460-9A50-4902-99E4-7E35E72D3EDD}.Debug|Any CPU.Build.0 = Debug|Any CPU
		{8EF1A460-9A50-4902-99E4-7E35E72D3EDD}.Release|Any CPU.ActiveCfg = Release|Any CPU
		{8EF1A460-9A50-4902-99E4-7E35E72D3EDD}.Release|Any CPU.Build.0 = Release|Any CPU
		{50D2D442-F3E5-45A3-9D26-622582BA8F4F}.Debug|Any CPU.ActiveCfg = Debug|Any CPU
		{50D2D442-F3E5-45A3-9D26-622582BA8F4F}.Debug|Any CPU.Build.0 = Debug|Any CPU
		{50D2D442-F3E5-45A3-9D26-622582BA8F4F}.Release|Any CPU.ActiveCfg = Release|Any CPU
		{50D2D442-F3E5-45A3-9D26-622582BA8F4F}.Release|Any CPU.Build.0 = Release|Any CPU
		{747FD8C9-0C27-4179-B145-2D997584D182}.Debug|Any CPU.ActiveCfg = Debug|Any CPU
		{747FD8C9-0C27-4179-B145-2D997584D182}.Debug|Any CPU.Build.0 = Debug|Any CPU
		{747FD8C9-0C27-4179-B145-2D997584D182}.Release|Any CPU.ActiveCfg = Release|Any CPU
		{747FD8C9-0C27-4179-B145-2D997584D182}.Release|Any CPU.Build.0 = Release|Any CPU
		{E69907F2-CA26-43F1-AB82-2E5A9D8A7015}.Debug|Any CPU.ActiveCfg = Debug|Any CPU
		{E69907F2-CA26-43F1-AB82-2E5A9D8A7015}.Debug|Any CPU.Build.0 = Debug|Any CPU
		{E69907F2-CA26-43F1-AB82-2E5A9D8A7015}.Release|Any CPU.ActiveCfg = Release|Any CPU
		{E69907F2-CA26-43F1-AB82-2E5A9D8A7015}.Release|Any CPU.Build.0 = Release|Any CPU
	EndGlobalSection
	GlobalSection(SolutionProperties) = preSolution
		HideSolutionNode = FALSE
	EndGlobalSection
	GlobalSection(NestedProjects) = preSolution
		{2FC30069-3821-4542-88CF-6D6D7BDB269A} = {DA6DC0B9-25C3-4037-86E8-DEB86B026AD3}
		{47E81FBC-80AD-4B8E-BFBA-CB13C333CDC9} = {0D2D5E26-8F3C-4295-BC2F-389F188A130B}
		{048A0FBC-58C4-4AA3-A6BF-565591DCB085} = {8BAB7679-CD10-474A-ABF2-438A7E2D4DE9}
		{38C3DB41-1BBE-4DB6-9B6A-70A9DD4035AB} = {8BAB7679-CD10-474A-ABF2-438A7E2D4DE9}
		{872408A3-9839-4295-A6AB-E79D54687F8A} = {8BAB7679-CD10-474A-ABF2-438A7E2D4DE9}
		{545BE106-EDA6-4F8D-A868-7175C53F9065} = {8BAB7679-CD10-474A-ABF2-438A7E2D4DE9}
		{0D3DE2AA-0632-43EA-B6F9-393E53CC2531} = {DA6DC0B9-25C3-4037-86E8-DEB86B026AD3}
		{D3119AC5-B9A7-4C01-A038-748086106519} = {8BAB7679-CD10-474A-ABF2-438A7E2D4DE9}
		{7BC613CA-1788-4958-A1FD-5D0D5DE27BB5} = {8BAB7679-CD10-474A-ABF2-438A7E2D4DE9}
		{6C46D4D2-B9DE-4A26-8A39-D094EDE16C1E} = {DA6DC0B9-25C3-4037-86E8-DEB86B026AD3}
		{9A451861-9E61-4312-A61D-7E4F08FD9FDC} = {DA6DC0B9-25C3-4037-86E8-DEB86B026AD3}
		{390FD1BE-5ABB-48F9-8543-762B6B915011} = {8BAB7679-CD10-474A-ABF2-438A7E2D4DE9}
		{0DF513BF-45CB-43E0-998D-511C36B396AE} = {DA6DC0B9-25C3-4037-86E8-DEB86B026AD3}
		{64B2AAB0-86DF-412D-90CF-010319F3E7D1} = {422CBC12-CC7E-4E3B-936A-A19DE5F310E2}
		{9802451D-B87B-484D-9A08-99DC6EC9E609} = {8BAB7679-CD10-474A-ABF2-438A7E2D4DE9}
		{8BD9EF02-AA7B-4CD3-A1D5-B9CA58D6D35C} = {DA6DC0B9-25C3-4037-86E8-DEB86B026AD3}
		{50D2D442-F3E5-45A3-9D26-622582BA8F4F} = {DA6DC0B9-25C3-4037-86E8-DEB86B026AD3}
		{747FD8C9-0C27-4179-B145-2D997584D182} = {DA6DC0B9-25C3-4037-86E8-DEB86B026AD3}
		{E69907F2-CA26-43F1-AB82-2E5A9D8A7015} = {8BAB7679-CD10-474A-ABF2-438A7E2D4DE9}
	EndGlobalSection
	GlobalSection(ExtensibilityGlobals) = postSolution
		SolutionGuid = {8E2BE45E-58C3-4886-A037-A5C5DF4A9F59}
	EndGlobalSection
EndGlobal
