
Microsoft Visual Studio Solution File, Format Version 12.00
# Visual Studio 15
VisualStudioVersion = 15.0.27703.2026
MinimumVisualStudioVersion = 10.0.40219.1
Project("{9A19103F-16F7-4668-BE54-9A1E7A4F7556}") = "StatsDownloadApi.Core", "StatsDownloadApi.Core\StatsDownloadApi.Core.csproj", "{6252FD46-3B1B-460F-96CC-545AE7CC676F}"
EndProject
Project("{9A19103F-16F7-4668-BE54-9A1E7A4F7556}") = "StatsDownloadApi.Core.Tests", "StatsDownloadApi.Core.Tests\StatsDownloadApi.Core.Tests.csproj", "{2FC30069-3821-4542-88CF-6D6D7BDB269A}"
EndProject
Project("{9A19103F-16F7-4668-BE54-9A1E7A4F7556}") = "StatsDownloadApi.WebApi", "StatsDownloadApi.WebApi\StatsDownloadApi.WebApi.csproj", "{47E81FBC-80AD-4B8E-BFBA-CB13C333CDC9}"
EndProject
Project("{9A19103F-16F7-4668-BE54-9A1E7A4F7556}") = "StatsDownload.Extensions", "..\Shared\StatsDownload.Extensions\StatsDownload.Extensions.csproj", "{048A0FBC-58C4-4AA3-A6BF-565591DCB085}"
EndProject
Project("{9A19103F-16F7-4668-BE54-9A1E7A4F7556}") = "StatsDownload.Database", "..\Shared\StatsDownload.Database\StatsDownload.Database.csproj", "{38C3DB41-1BBE-4DB6-9B6A-70A9DD4035AB}"
EndProject
Project("{9A19103F-16F7-4668-BE54-9A1E7A4F7556}") = "StatsDownload.Database.CastleWindsor", "..\Shared\StatsDownload.Database.CastleWindsor\StatsDownload.Database.CastleWindsor.csproj", "{872408A3-9839-4295-A6AB-E79D54687F8A}"
EndProject
Project("{9A19103F-16F7-4668-BE54-9A1E7A4F7556}") = "StatsDownload.Wrappers", "..\Shared\StatsDownload.Wrappers\StatsDownload.Wrappers.csproj", "{545BE106-EDA6-4F8D-A868-7175C53F9065}"
EndProject
Project("{9A19103F-16F7-4668-BE54-9A1E7A4F7556}") = "StatsDownload.Database.Tests", "..\Shared\StatsDownload.Database.Tests\StatsDownload.Database.Tests.csproj", "{0D3DE2AA-0632-43EA-B6F9-393E53CC2531}"
EndProject
Project("{9A19103F-16F7-4668-BE54-9A1E7A4F7556}") = "StatsDownload.Core.Interfaces", "..\Shared\StatsDownload.Core.Interfaces\StatsDownload.Core.Interfaces.csproj", "{D3119AC5-B9A7-4C01-A038-748086106519}"
EndProject
Project("{9A19103F-16F7-4668-BE54-9A1E7A4F7556}") = "StatsDownload.Logging", "..\Shared\StatsDownload.Logging\StatsDownload.Logging.csproj", "{7BC613CA-1788-4958-A1FD-5D0D5DE27BB5}"
EndProject
Project("{9A19103F-16F7-4668-BE54-9A1E7A4F7556}") = "StatsDownload.Logging.Tests", "..\Shared\StatsDownload.Logging.Tests\StatsDownload.Logging.Tests.csproj", "{6C46D4D2-B9DE-4A26-8A39-D094EDE16C1E}"
EndProject
Global
	GlobalSection(SolutionConfigurationPlatforms) = preSolution
		Debug|Any CPU = Debug|Any CPU
		Release|Any CPU = Release|Any CPU
	EndGlobalSection
	GlobalSection(ProjectConfigurationPlatforms) = postSolution
		{6252FD46-3B1B-460F-96CC-545AE7CC676F}.Debug|Any CPU.ActiveCfg = Debug|Any CPU
		{6252FD46-3B1B-460F-96CC-545AE7CC676F}.Debug|Any CPU.Build.0 = Debug|Any CPU
		{6252FD46-3B1B-460F-96CC-545AE7CC676F}.Release|Any CPU.ActiveCfg = Release|Any CPU
		{6252FD46-3B1B-460F-96CC-545AE7CC676F}.Release|Any CPU.Build.0 = Release|Any CPU
		{2FC30069-3821-4542-88CF-6D6D7BDB269A}.Debug|Any CPU.ActiveCfg = Debug|Any CPU
		{2FC30069-3821-4542-88CF-6D6D7BDB269A}.Debug|Any CPU.Build.0 = Debug|Any CPU
		{2FC30069-3821-4542-88CF-6D6D7BDB269A}.Release|Any CPU.ActiveCfg = Release|Any CPU
		{2FC30069-3821-4542-88CF-6D6D7BDB269A}.Release|Any CPU.Build.0 = Release|Any CPU
		{47E81FBC-80AD-4B8E-BFBA-CB13C333CDC9}.Debug|Any CPU.ActiveCfg = Debug|Any CPU
		{47E81FBC-80AD-4B8E-BFBA-CB13C333CDC9}.Debug|Any CPU.Build.0 = Debug|Any CPU
		{47E81FBC-80AD-4B8E-BFBA-CB13C333CDC9}.Release|Any CPU.ActiveCfg = Release|Any CPU
		{47E81FBC-80AD-4B8E-BFBA-CB13C333CDC9}.Release|Any CPU.Build.0 = Release|Any CPU
		{048A0FBC-58C4-4AA3-A6BF-565591DCB085}.Debug|Any CPU.ActiveCfg = Debug|Any CPU
		{048A0FBC-58C4-4AA3-A6BF-565591DCB085}.Debug|Any CPU.Build.0 = Debug|Any CPU
		{048A0FBC-58C4-4AA3-A6BF-565591DCB085}.Release|Any CPU.ActiveCfg = Release|Any CPU
		{048A0FBC-58C4-4AA3-A6BF-565591DCB085}.Release|Any CPU.Build.0 = Release|Any CPU
		{38C3DB41-1BBE-4DB6-9B6A-70A9DD4035AB}.Debug|Any CPU.ActiveCfg = Debug|Any CPU
		{38C3DB41-1BBE-4DB6-9B6A-70A9DD4035AB}.Debug|Any CPU.Build.0 = Debug|Any CPU
		{38C3DB41-1BBE-4DB6-9B6A-70A9DD4035AB}.Release|Any CPU.ActiveCfg = Release|Any CPU
		{38C3DB41-1BBE-4DB6-9B6A-70A9DD4035AB}.Release|Any CPU.Build.0 = Release|Any CPU
		{872408A3-9839-4295-A6AB-E79D54687F8A}.Debug|Any CPU.ActiveCfg = Debug|Any CPU
		{872408A3-9839-4295-A6AB-E79D54687F8A}.Debug|Any CPU.Build.0 = Debug|Any CPU
		{872408A3-9839-4295-A6AB-E79D54687F8A}.Release|Any CPU.ActiveCfg = Release|Any CPU
		{872408A3-9839-4295-A6AB-E79D54687F8A}.Release|Any CPU.Build.0 = Release|Any CPU
		{545BE106-EDA6-4F8D-A868-7175C53F9065}.Debug|Any CPU.ActiveCfg = Debug|Any CPU
		{545BE106-EDA6-4F8D-A868-7175C53F9065}.Debug|Any CPU.Build.0 = Debug|Any CPU
		{545BE106-EDA6-4F8D-A868-7175C53F9065}.Release|Any CPU.ActiveCfg = Release|Any CPU
		{545BE106-EDA6-4F8D-A868-7175C53F9065}.Release|Any CPU.Build.0 = Release|Any CPU
		{0D3DE2AA-0632-43EA-B6F9-393E53CC2531}.Debug|Any CPU.ActiveCfg = Debug|Any CPU
		{0D3DE2AA-0632-43EA-B6F9-393E53CC2531}.Debug|Any CPU.Build.0 = Debug|Any CPU
		{0D3DE2AA-0632-43EA-B6F9-393E53CC2531}.Release|Any CPU.ActiveCfg = Release|Any CPU
		{0D3DE2AA-0632-43EA-B6F9-393E53CC2531}.Release|Any CPU.Build.0 = Release|Any CPU
		{D3119AC5-B9A7-4C01-A038-748086106519}.Debug|Any CPU.ActiveCfg = Debug|Any CPU
		{D3119AC5-B9A7-4C01-A038-748086106519}.Debug|Any CPU.Build.0 = Debug|Any CPU
		{D3119AC5-B9A7-4C01-A038-748086106519}.Release|Any CPU.ActiveCfg = Release|Any CPU
		{D3119AC5-B9A7-4C01-A038-748086106519}.Release|Any CPU.Build.0 = Release|Any CPU
		{7BC613CA-1788-4958-A1FD-5D0D5DE27BB5}.Debug|Any CPU.ActiveCfg = Debug|Any CPU
		{7BC613CA-1788-4958-A1FD-5D0D5DE27BB5}.Debug|Any CPU.Build.0 = Debug|Any CPU
		{7BC613CA-1788-4958-A1FD-5D0D5DE27BB5}.Release|Any CPU.ActiveCfg = Release|Any CPU
		{7BC613CA-1788-4958-A1FD-5D0D5DE27BB5}.Release|Any CPU.Build.0 = Release|Any CPU
		{6C46D4D2-B9DE-4A26-8A39-D094EDE16C1E}.Debug|Any CPU.ActiveCfg = Debug|Any CPU
		{6C46D4D2-B9DE-4A26-8A39-D094EDE16C1E}.Debug|Any CPU.Build.0 = Debug|Any CPU
		{6C46D4D2-B9DE-4A26-8A39-D094EDE16C1E}.Release|Any CPU.ActiveCfg = Release|Any CPU
		{6C46D4D2-B9DE-4A26-8A39-D094EDE16C1E}.Release|Any CPU.Build.0 = Release|Any CPU
	EndGlobalSection
	GlobalSection(SolutionProperties) = preSolution
		HideSolutionNode = FALSE
	EndGlobalSection
	GlobalSection(ExtensibilityGlobals) = postSolution
		SolutionGuid = {8E2BE45E-58C3-4886-A037-A5C5DF4A9F59}
	EndGlobalSection
EndGlobal
